// !$*UTF8*$!
{
	archiveVersion = 1;
	classes = {
	};
	objectVersion = 46;
	objects = {

/* Begin PBXBuildFile section */
		00C302E51ABCBA2D00DB3ED1 /* libRCTActionSheet.a in Frameworks */ = {isa = PBXBuildFile; fileRef = 00C302AC1ABCB8CE00DB3ED1 /* libRCTActionSheet.a */; };
		00C302E71ABCBA2D00DB3ED1 /* libRCTGeolocation.a in Frameworks */ = {isa = PBXBuildFile; fileRef = 00C302BA1ABCB90400DB3ED1 /* libRCTGeolocation.a */; };
		00C302E81ABCBA2D00DB3ED1 /* libRCTImage.a in Frameworks */ = {isa = PBXBuildFile; fileRef = 00C302C01ABCB91800DB3ED1 /* libRCTImage.a */; };
		00C302E91ABCBA2D00DB3ED1 /* libRCTNetwork.a in Frameworks */ = {isa = PBXBuildFile; fileRef = 00C302DC1ABCB9D200DB3ED1 /* libRCTNetwork.a */; };
		00C302EA1ABCBA2D00DB3ED1 /* libRCTVibration.a in Frameworks */ = {isa = PBXBuildFile; fileRef = 00C302E41ABCB9EE00DB3ED1 /* libRCTVibration.a */; };
		00E356F31AD99517003FC87E /* LeDemoTests.m in Sources */ = {isa = PBXBuildFile; fileRef = 00E356F21AD99517003FC87E /* LeDemoTests.m */; };
		133E29F31AD74F7200F7D852 /* libRCTLinking.a in Frameworks */ = {isa = PBXBuildFile; fileRef = 78C398B91ACF4ADC00677621 /* libRCTLinking.a */; };
		139105C61AF99C1200B5F7CC /* libRCTSettings.a in Frameworks */ = {isa = PBXBuildFile; fileRef = 139105C11AF99BAD00B5F7CC /* libRCTSettings.a */; };
		139FDEF61B0652A700C62182 /* libRCTWebSocket.a in Frameworks */ = {isa = PBXBuildFile; fileRef = 139FDEF41B06529B00C62182 /* libRCTWebSocket.a */; };
		13B07FBD1A68108700A75B9A /* LaunchScreen.xib in Resources */ = {isa = PBXBuildFile; fileRef = 13B07FB11A68108700A75B9A /* LaunchScreen.xib */; };
		13B07FBF1A68108700A75B9A /* Images.xcassets in Resources */ = {isa = PBXBuildFile; fileRef = 13B07FB51A68108700A75B9A /* Images.xcassets */; };
		13B07FC11A68108700A75B9A /* main.m in Sources */ = {isa = PBXBuildFile; fileRef = 13B07FB71A68108700A75B9A /* main.m */; };
		140ED2AC1D01E1AD002B40FF /* libReact.a in Frameworks */ = {isa = PBXBuildFile; fileRef = 146834041AC3E56700842450 /* libReact.a */; };
		146834051AC3E58100842450 /* libReact.a in Frameworks */ = {isa = PBXBuildFile; fileRef = 146834041AC3E56700842450 /* libReact.a */; };
		2D06F9A71EE6D37400DC33DD /* AlipaySDK.bundle in Resources */ = {isa = PBXBuildFile; fileRef = 2D06F9A61EE6D37400DC33DD /* AlipaySDK.bundle */; };
		2D06F9C51EE6D39100DC33DD /* LePaySDK in Resources */ = {isa = PBXBuildFile; fileRef = 2D06F9C31EE6D39100DC33DD /* LePaySDK */; };
		2D06F9C61EE6D39100DC33DD /* letracker in Resources */ = {isa = PBXBuildFile; fileRef = 2D06F9C41EE6D39100DC33DD /* letracker */; };
		2D06F9C81EE6D3AD00DC33DD /* AlipaySDK.framework in Frameworks */ = {isa = PBXBuildFile; fileRef = 2D06F9C71EE6D3AD00DC33DD /* AlipaySDK.framework */; };
		2D06F9CC1EE6D3C600DC33DD /* libagnestracker.a in Frameworks */ = {isa = PBXBuildFile; fileRef = 2D06F9C91EE6D3C600DC33DD /* libagnestracker.a */; };
		2D06F9CD1EE6D3C600DC33DD /* libLepaySDK.a in Frameworks */ = {isa = PBXBuildFile; fileRef = 2D06F9CA1EE6D3C600DC33DD /* libLepaySDK.a */; };
		2D06F9CE1EE6D3C600DC33DD /* libprotobuf.a in Frameworks */ = {isa = PBXBuildFile; fileRef = 2D06F9CB1EE6D3C600DC33DD /* libprotobuf.a */; };
		2D06F9D01EE6D5FF00DC33DD /* CFNetwork.framework in Frameworks */ = {isa = PBXBuildFile; fileRef = 2D06F9CF1EE6D5FF00DC33DD /* CFNetwork.framework */; };
		2D06F9D21EE6D64C00DC33DD /* CoreMotion.framework in Frameworks */ = {isa = PBXBuildFile; fileRef = 2D06F9D11EE6D64C00DC33DD /* CoreMotion.framework */; };
		2D06F9D41EE6D88300DC33DD /* LepaySDK.bundle in Resources */ = {isa = PBXBuildFile; fileRef = 2D06F9D31EE6D88300DC33DD /* LepaySDK.bundle */; };
		2D06F9D61EE6D99100DC33DD /* APOpenSdk in Resources */ = {isa = PBXBuildFile; fileRef = 2D06F9D51EE6D99100DC33DD /* APOpenSdk */; };
		2D06F9D81EE6D99B00DC33DD /* libAPOpenSdk.a in Frameworks */ = {isa = PBXBuildFile; fileRef = 2D06F9D71EE6D99B00DC33DD /* libAPOpenSdk.a */; };
		2D06F9DA1EE6D9CC00DC33DD /* JDPAuthResource.bundle in Resources */ = {isa = PBXBuildFile; fileRef = 2D06F9D91EE6D9CC00DC33DD /* JDPAuthResource.bundle */; };
		2D06F9DC1EE6D9D800DC33DD /* JDPay in Resources */ = {isa = PBXBuildFile; fileRef = 2D06F9DB1EE6D9D800DC33DD /* JDPay */; };
		2D06F9DE1EE6D9E100DC33DD /* libJDPay.a in Frameworks */ = {isa = PBXBuildFile; fileRef = 2D06F9DD1EE6D9E100DC33DD /* libJDPay.a */; };
		2D06FA6B1EF2904700DC33DD /* QBImagePicker.framework in Embed Frameworks */ = {isa = PBXBuildFile; fileRef = 2D06FA661EF2900700DC33DD /* QBImagePicker.framework */; settings = {ATTRIBUTES = (CodeSignOnCopy, RemoveHeadersOnCopy, ); }; };
		2D06FA6D1EF2904700DC33DD /* RSKImageCropper.framework in Embed Frameworks */ = {isa = PBXBuildFile; fileRef = 2D06FA671EF2900700DC33DD /* RSKImageCropper.framework */; settings = {ATTRIBUTES = (CodeSignOnCopy, RemoveHeadersOnCopy, ); }; };
		2D0E62AC1E0B0101005A68AA /* libc++.tbd in Frameworks */ = {isa = PBXBuildFile; fileRef = 2D0E62AB1E0B0101005A68AA /* libc++.tbd */; };
		2D0E62AE1E0B0112005A68AA /* libsqlite3.0.tbd in Frameworks */ = {isa = PBXBuildFile; fileRef = 2D0E62AD1E0B0112005A68AA /* libsqlite3.0.tbd */; };
		2D19AC981DF3DCF100D21BDC /* libRCTAnimation.a in Frameworks */ = {isa = PBXBuildFile; fileRef = 2D19AC861DF3DBA600D21BDC /* libRCTAnimation.a */; };
		2D2AFC391E17C5BF00D0231B /* index.ios.jsbundle in Resources */ = {isa = PBXBuildFile; fileRef = 2D2AFC381E17C5BF00D0231B /* index.ios.jsbundle */; };
		2D2FC8601E48A4B6004D0462 /* LECVodPlayerResource.bundle in Resources */ = {isa = PBXBuildFile; fileRef = 2D2FC8591E48A4B6004D0462 /* LECVodPlayerResource.bundle */; };
		2D2FC8611E48A4B6004D0462 /* LECValleyUIResource.bundle in Resources */ = {isa = PBXBuildFile; fileRef = 2D2FC85A1E48A4B6004D0462 /* LECValleyUIResource.bundle */; };
		2D2FC8621E48A4B6004D0462 /* TencentOpenApi_IOS_Bundle.bundle in Resources */ = {isa = PBXBuildFile; fileRef = 2D2FC85B1E48A4B6004D0462 /* TencentOpenApi_IOS_Bundle.bundle */; };
		2D2FC8631E48A4B6004D0462 /* WeiboSDK.bundle in Resources */ = {isa = PBXBuildFile; fileRef = 2D2FC85C1E48A4B6004D0462 /* WeiboSDK.bundle */; };
		2D2FC8641E48A4B6004D0462 /* LECPlayerResource.bundle in Resources */ = {isa = PBXBuildFile; fileRef = 2D2FC85D1E48A4B6004D0462 /* LECPlayerResource.bundle */; };
		2D2FC8661E48A4B6004D0462 /* LCStreamingBundle.bundle in Resources */ = {isa = PBXBuildFile; fileRef = 2D2FC85F1E48A4B6004D0462 /* LCStreamingBundle.bundle */; };
		2D2FC8A91E48A5AB004D0462 /* libUMessage_Sdk_1.4.0.a in Frameworks */ = {isa = PBXBuildFile; fileRef = 2D2FC89A1E48A5AB004D0462 /* libUMessage_Sdk_1.4.0.a */; };
		2D2FC8AE1E48A5AB004D0462 /* libReachbility.a in Frameworks */ = {isa = PBXBuildFile; fileRef = 2D2FC89F1E48A5AB004D0462 /* libReachbility.a */; };
		2D2FC8AF1E48A5AB004D0462 /* libZipArchive.a in Frameworks */ = {isa = PBXBuildFile; fileRef = 2D2FC8A01E48A5AB004D0462 /* libZipArchive.a */; };
		2D2FC8B01E48A5AB004D0462 /* libWeChatSDK.a in Frameworks */ = {isa = PBXBuildFile; fileRef = 2D2FC8A11E48A5AB004D0462 /* libWeChatSDK.a */; };
		2D2FC8B11E48A5AB004D0462 /* libWeiboSDK.a in Frameworks */ = {isa = PBXBuildFile; fileRef = 2D2FC8A21E48A5AB004D0462 /* libWeiboSDK.a */; };
		2D2FC8B51E48A5AB004D0462 /* libLECLivePlayerSDK.a in Frameworks */ = {isa = PBXBuildFile; fileRef = 2D2FC8A61E48A5AB004D0462 /* libLECLivePlayerSDK.a */; };
		2D2FC8B61E48A5AB004D0462 /* libLECVodPlayerSDK.a in Frameworks */ = {isa = PBXBuildFile; fileRef = 2D2FC8A71E48A5AB004D0462 /* libLECVodPlayerSDK.a */; };
		2D2FC8B91E48A616004D0462 /* AVFoundation.framework in Frameworks */ = {isa = PBXBuildFile; fileRef = 2D2FC8B81E48A616004D0462 /* AVFoundation.framework */; };
		2D2FC8BB1E48A640004D0462 /* libiconv.2.4.0.tbd in Frameworks */ = {isa = PBXBuildFile; fileRef = 2D2FC8BA1E48A640004D0462 /* libiconv.2.4.0.tbd */; };
		2D2FC8BD1E48A82F004D0462 /* libAFNetworking.a in Frameworks */ = {isa = PBXBuildFile; fileRef = 2D2FC8BC1E48A82F004D0462 /* libAFNetworking.a */; };
		2D2FC8E61E48AC30004D0462 /* libCodePush.a in Frameworks */ = {isa = PBXBuildFile; fileRef = 2D1C9A441DC1EAB60020E496 /* libCodePush.a */; };
		2D502D491E498B7800073C55 /* libLeCloudStreaming.a in Frameworks */ = {isa = PBXBuildFile; fileRef = 2D2FC89D1E48A5AB004D0462 /* libLeCloudStreaming.a */; };
		2D65C6D41E4B001D0036E29B /* LECLivePlayerSDK in Resources */ = {isa = PBXBuildFile; fileRef = 2D65C6CA1E4B001D0036E29B /* LECLivePlayerSDK */; };
		2D65C6D61E4B001D0036E29B /* LeCloudStreaming in Resources */ = {isa = PBXBuildFile; fileRef = 2D65C6CC1E4B001D0036E29B /* LeCloudStreaming */; };
		2D65C6D71E4B001D0036E29B /* LECPlayerFoundation in Resources */ = {isa = PBXBuildFile; fileRef = 2D65C6CD1E4B001D0036E29B /* LECPlayerFoundation */; };
		2D65C6D91E4B001D0036E29B /* LECVodPlayerSDK in Resources */ = {isa = PBXBuildFile; fileRef = 2D65C6CF1E4B001D0036E29B /* LECVodPlayerSDK */; };
		2D65C6DB1E4B001D0036E29B /* UMessage_Sdk_1.4.0 in Resources */ = {isa = PBXBuildFile; fileRef = 2D65C6D11E4B001D0036E29B /* UMessage_Sdk_1.4.0 */; };
		2D65C6DC1E4B001D0036E29B /* WechatOpenSDK in Resources */ = {isa = PBXBuildFile; fileRef = 2D65C6D21E4B001D0036E29B /* WechatOpenSDK */; };
		2D65C6DD1E4B001D0036E29B /* WeiboSDK in Resources */ = {isa = PBXBuildFile; fileRef = 2D65C6D31E4B001D0036E29B /* WeiboSDK */; };
		2D66BD371EF3768400BC101E /* QBImagePicker.framework in Frameworks */ = {isa = PBXBuildFile; fileRef = 2D06FA661EF2900700DC33DD /* QBImagePicker.framework */; };
		2D66BD381EF3768400BC101E /* RSKImageCropper.framework in Frameworks */ = {isa = PBXBuildFile; fileRef = 2D06FA671EF2900700DC33DD /* RSKImageCropper.framework */; };
		2D8CB7031E4B603700C3F578 /* libLECPlayerFoundation.a in Frameworks */ = {isa = PBXBuildFile; fileRef = 2D2FC8A41E48A5AB004D0462 /* libLECPlayerFoundation.a */; };
		2D8CB7501E4CAA3400C3F578 /* libLECMobilePlayerSDK.a in Frameworks */ = {isa = PBXBuildFile; fileRef = 2D8CB74F1E4CAA3400C3F578 /* libLECMobilePlayerSDK.a */; };
		2D8D220A1E0328F2004EC569 /* libLECValleyUIKit.a in Frameworks */ = {isa = PBXBuildFile; fileRef = 2D8D21F61E0328B6004EC569 /* libLECValleyUIKit.a */; };
		2DA206F71DE8B89B0004CE1D /* AdSupport.framework in Frameworks */ = {isa = PBXBuildFile; fileRef = 2DA206F51DE8B89B0004CE1D /* AdSupport.framework */; };
		2DA206F81DE8B89B0004CE1D /* MediaPlayer.framework in Frameworks */ = {isa = PBXBuildFile; fileRef = 2DA206F61DE8B89B0004CE1D /* MediaPlayer.framework */; };
		2DA207011DE8B9950004CE1D /* AudioToolbox.framework in Frameworks */ = {isa = PBXBuildFile; fileRef = 2DA206F91DE8B9950004CE1D /* AudioToolbox.framework */; };
		2DA207021DE8B9950004CE1D /* CoreData.framework in Frameworks */ = {isa = PBXBuildFile; fileRef = 2DA206FA1DE8B9950004CE1D /* CoreData.framework */; };
		2DA207031DE8B9950004CE1D /* CoreLocation.framework in Frameworks */ = {isa = PBXBuildFile; fileRef = 2DA206FB1DE8B9950004CE1D /* CoreLocation.framework */; };
		2DA207041DE8B9950004CE1D /* CoreMedia.framework in Frameworks */ = {isa = PBXBuildFile; fileRef = 2DA206FC1DE8B9950004CE1D /* CoreMedia.framework */; };
		2DA207051DE8B9950004CE1D /* CoreTelephony.framework in Frameworks */ = {isa = PBXBuildFile; fileRef = 2DA206FD1DE8B9950004CE1D /* CoreTelephony.framework */; };
		2DA207061DE8B9950004CE1D /* JavaScriptCore.framework in Frameworks */ = {isa = PBXBuildFile; fileRef = 2DA206FE1DE8B9950004CE1D /* JavaScriptCore.framework */; };
		2DA207071DE8B9950004CE1D /* SystemConfiguration.framework in Frameworks */ = {isa = PBXBuildFile; fileRef = 2DA206FF1DE8B9950004CE1D /* SystemConfiguration.framework */; };
		2DA207081DE8B9950004CE1D /* VideoToolbox.framework in Frameworks */ = {isa = PBXBuildFile; fileRef = 2DA207001DE8B9950004CE1D /* VideoToolbox.framework */; };
		2DA2070A1DE8BA510004CE1D /* libiconv.tbd in Frameworks */ = {isa = PBXBuildFile; fileRef = 2DA207091DE8BA510004CE1D /* libiconv.tbd */; };
		2DA2070E1DE8BA8C0004CE1D /* libstdc++.6.0.9.tbd in Frameworks */ = {isa = PBXBuildFile; fileRef = 2DA2070D1DE8BA8C0004CE1D /* libstdc++.6.0.9.tbd */; };
		2DA207101DE8BA990004CE1D /* libxml2.2.tbd in Frameworks */ = {isa = PBXBuildFile; fileRef = 2DA2070F1DE8BA990004CE1D /* libxml2.2.tbd */; };
		2DA207121DE8BAAC0004CE1D /* libz.1.2.5.tbd in Frameworks */ = {isa = PBXBuildFile; fileRef = 2DA207111DE8BAAC0004CE1D /* libz.1.2.5.tbd */; };
		2DE7FE171E16544C008F0CA1 /* AppDelegate.m in Sources */ = {isa = PBXBuildFile; fileRef = 13B07FB01A68108700A75B9A /* AppDelegate.m */; };
		2DFAE4B71E046743008937FD /* assets in Resources */ = {isa = PBXBuildFile; fileRef = 2DFAE4B61E046743008937FD /* assets */; };
		2DFDF5B71E0FF13100B58523 /* Security.framework in Frameworks */ = {isa = PBXBuildFile; fileRef = 2DFDF5B61E0FF13100B58523 /* Security.framework */; };
		2DFDF5B91E0FF1BB00B58523 /* CoreGraphics.framework in Frameworks */ = {isa = PBXBuildFile; fileRef = 2DFDF5B81E0FF1BB00B58523 /* CoreGraphics.framework */; };
		2DFDF5BB1E0FF1F700B58523 /* libstdc++.tbd in Frameworks */ = {isa = PBXBuildFile; fileRef = 2DFDF5BA1E0FF1F700B58523 /* libstdc++.tbd */; };
		2DFDF5C21E0FF96E00B58523 /* TencentOpenAPI.framework in Frameworks */ = {isa = PBXBuildFile; fileRef = 2DFDF5C11E0FF96E00B58523 /* TencentOpenAPI.framework */; };
		392D188B09B145E0B6613D6D /* libz.tbd in Frameworks */ = {isa = PBXBuildFile; fileRef = 930FF21BCF8F403D8916C7DE /* libz.tbd */; };
		832341BD1AAA6AB300B99B32 /* libRCTText.a in Frameworks */ = {isa = PBXBuildFile; fileRef = 832341B51AAA6A8300B99B32 /* libRCTText.a */; };
/* End PBXBuildFile section */

/* Begin PBXContainerItemProxy section */
		00C302AB1ABCB8CE00DB3ED1 /* PBXContainerItemProxy */ = {
			isa = PBXContainerItemProxy;
			containerPortal = 00C302A71ABCB8CE00DB3ED1 /* RCTActionSheet.xcodeproj */;
			proxyType = 2;
			remoteGlobalIDString = 134814201AA4EA6300B7C361;
			remoteInfo = RCTActionSheet;
		};
		00C302B91ABCB90400DB3ED1 /* PBXContainerItemProxy */ = {
			isa = PBXContainerItemProxy;
			containerPortal = 00C302B51ABCB90400DB3ED1 /* RCTGeolocation.xcodeproj */;
			proxyType = 2;
			remoteGlobalIDString = 134814201AA4EA6300B7C361;
			remoteInfo = RCTGeolocation;
		};
		00C302BF1ABCB91800DB3ED1 /* PBXContainerItemProxy */ = {
			isa = PBXContainerItemProxy;
			containerPortal = 00C302BB1ABCB91800DB3ED1 /* RCTImage.xcodeproj */;
			proxyType = 2;
			remoteGlobalIDString = 58B5115D1A9E6B3D00147676;
			remoteInfo = RCTImage;
		};
		00C302DB1ABCB9D200DB3ED1 /* PBXContainerItemProxy */ = {
			isa = PBXContainerItemProxy;
			containerPortal = 00C302D31ABCB9D200DB3ED1 /* RCTNetwork.xcodeproj */;
			proxyType = 2;
			remoteGlobalIDString = 58B511DB1A9E6C8500147676;
			remoteInfo = RCTNetwork;
		};
		00C302E31ABCB9EE00DB3ED1 /* PBXContainerItemProxy */ = {
			isa = PBXContainerItemProxy;
			containerPortal = 00C302DF1ABCB9EE00DB3ED1 /* RCTVibration.xcodeproj */;
			proxyType = 2;
			remoteGlobalIDString = 832C81801AAF6DEF007FA2F7;
			remoteInfo = RCTVibration;
		};
		00E356F41AD99517003FC87E /* PBXContainerItemProxy */ = {
			isa = PBXContainerItemProxy;
			containerPortal = 83CBB9F71A601CBA00E9B192 /* Project object */;
			proxyType = 1;
			remoteGlobalIDString = 13B07F861A680F5B00A75B9A;
			remoteInfo = LeDemo;
		};
		139105C01AF99BAD00B5F7CC /* PBXContainerItemProxy */ = {
			isa = PBXContainerItemProxy;
			containerPortal = 139105B61AF99BAD00B5F7CC /* RCTSettings.xcodeproj */;
			proxyType = 2;
			remoteGlobalIDString = 134814201AA4EA6300B7C361;
			remoteInfo = RCTSettings;
		};
		139FDEF31B06529B00C62182 /* PBXContainerItemProxy */ = {
			isa = PBXContainerItemProxy;
			containerPortal = 139FDEE61B06529A00C62182 /* RCTWebSocket.xcodeproj */;
			proxyType = 2;
			remoteGlobalIDString = 3C86DF461ADF2C930047B81A;
			remoteInfo = RCTWebSocket;
		};
		146834031AC3E56700842450 /* PBXContainerItemProxy */ = {
			isa = PBXContainerItemProxy;
			containerPortal = 146833FF1AC3E56700842450 /* React.xcodeproj */;
			proxyType = 2;
			remoteGlobalIDString = 83CBBA2E1A601D0E00E9B192;
			remoteInfo = React;
		};
		2D19AC851DF3DBA600D21BDC /* PBXContainerItemProxy */ = {
			isa = PBXContainerItemProxy;
			containerPortal = 2D19AC801DF3DBA600D21BDC /* RCTAnimation.xcodeproj */;
			proxyType = 2;
			remoteGlobalIDString = 134814201AA4EA6300B7C361;
			remoteInfo = RCTAnimation;
		};
		2D19AC871DF3DBA600D21BDC /* PBXContainerItemProxy */ = {
			isa = PBXContainerItemProxy;
			containerPortal = 2D19AC801DF3DBA600D21BDC /* RCTAnimation.xcodeproj */;
			proxyType = 2;
			remoteGlobalIDString = 2D2A28201D9B03D100D4039D;
			remoteInfo = "RCTAnimation-tvOS";
		};
		2D1C9A431DC1EAB60020E496 /* PBXContainerItemProxy */ = {
			isa = PBXContainerItemProxy;
			containerPortal = 17750468756A4148AF35D158 /* CodePush.xcodeproj */;
			proxyType = 2;
			remoteGlobalIDString = 134814201AA4EA6300B7C361;
			remoteInfo = CodePush;
		};
		2D1C9A491DC1EAB60020E496 /* PBXContainerItemProxy */ = {
			isa = PBXContainerItemProxy;
			containerPortal = 00C302BB1ABCB91800DB3ED1 /* RCTImage.xcodeproj */;
			proxyType = 2;
			remoteGlobalIDString = 2D2A283A1D9B042B00D4039D;
			remoteInfo = "RCTImage-tvOS";
		};
		2D1C9A4D1DC1EAB60020E496 /* PBXContainerItemProxy */ = {
			isa = PBXContainerItemProxy;
			containerPortal = 78C398B01ACF4ADC00677621 /* RCTLinking.xcodeproj */;
			proxyType = 2;
			remoteGlobalIDString = 2D2A28471D9B043800D4039D;
			remoteInfo = "RCTLinking-tvOS";
		};
		2D1C9A511DC1EAB60020E496 /* PBXContainerItemProxy */ = {
			isa = PBXContainerItemProxy;
			containerPortal = 00C302D31ABCB9D200DB3ED1 /* RCTNetwork.xcodeproj */;
			proxyType = 2;
			remoteGlobalIDString = 2D2A28541D9B044C00D4039D;
			remoteInfo = "RCTNetwork-tvOS";
		};
		2D1C9A551DC1EAB60020E496 /* PBXContainerItemProxy */ = {
			isa = PBXContainerItemProxy;
			containerPortal = 139105B61AF99BAD00B5F7CC /* RCTSettings.xcodeproj */;
			proxyType = 2;
			remoteGlobalIDString = 2D2A28611D9B046600D4039D;
			remoteInfo = "RCTSettings-tvOS";
		};
		2D1C9A591DC1EAB60020E496 /* PBXContainerItemProxy */ = {
			isa = PBXContainerItemProxy;
			containerPortal = 832341B01AAA6A8300B99B32 /* RCTText.xcodeproj */;
			proxyType = 2;
			remoteGlobalIDString = 2D2A287B1D9B048500D4039D;
			remoteInfo = "RCTText-tvOS";
		};
		2D1C9A5E1DC1EAB60020E496 /* PBXContainerItemProxy */ = {
			isa = PBXContainerItemProxy;
			containerPortal = 139FDEE61B06529A00C62182 /* RCTWebSocket.xcodeproj */;
			proxyType = 2;
			remoteGlobalIDString = 2D2A28881D9B049200D4039D;
			remoteInfo = "RCTWebSocket-tvOS";
		};
		2D1C9A621DC1EAB60020E496 /* PBXContainerItemProxy */ = {
			isa = PBXContainerItemProxy;
			containerPortal = 146833FF1AC3E56700842450 /* React.xcodeproj */;
			proxyType = 2;
			remoteGlobalIDString = 2D2A28131D9B038B00D4039D;
			remoteInfo = "React-tvOS";
		};
		2D4D74941E20A8BC000E6F69 /* PBXContainerItemProxy */ = {
			isa = PBXContainerItemProxy;
			containerPortal = 146833FF1AC3E56700842450 /* React.xcodeproj */;
			proxyType = 2;
			remoteGlobalIDString = 3D3C059A1DE3340900C268FA;
			remoteInfo = yoga;
		};
		2D4D74961E20A8BC000E6F69 /* PBXContainerItemProxy */ = {
			isa = PBXContainerItemProxy;
			containerPortal = 146833FF1AC3E56700842450 /* React.xcodeproj */;
			proxyType = 2;
			remoteGlobalIDString = 3D3C06751DE3340C00C268FA;
			remoteInfo = "yoga-tvOS";
		};
		2D4D74981E20A8BC000E6F69 /* PBXContainerItemProxy */ = {
			isa = PBXContainerItemProxy;
			containerPortal = 146833FF1AC3E56700842450 /* React.xcodeproj */;
			proxyType = 2;
			remoteGlobalIDString = 3D3CD9251DE5FBEC00167DC4;
			remoteInfo = cxxreact;
		};
		2D4D749A1E20A8BC000E6F69 /* PBXContainerItemProxy */ = {
			isa = PBXContainerItemProxy;
			containerPortal = 146833FF1AC3E56700842450 /* React.xcodeproj */;
			proxyType = 2;
			remoteGlobalIDString = 3D3CD9321DE5FBEE00167DC4;
			remoteInfo = "cxxreact-tvOS";
		};
		2D4D749C1E20A8BC000E6F69 /* PBXContainerItemProxy */ = {
			isa = PBXContainerItemProxy;
			containerPortal = 146833FF1AC3E56700842450 /* React.xcodeproj */;
			proxyType = 2;
			remoteGlobalIDString = 3D3CD90B1DE5FBD600167DC4;
			remoteInfo = jschelpers;
		};
		2D4D749E1E20A8BC000E6F69 /* PBXContainerItemProxy */ = {
			isa = PBXContainerItemProxy;
			containerPortal = 146833FF1AC3E56700842450 /* React.xcodeproj */;
			proxyType = 2;
			remoteGlobalIDString = 3D3CD9181DE5FBD800167DC4;
			remoteInfo = "jschelpers-tvOS";
		};
		2D8D21F51E0328B6004EC569 /* PBXContainerItemProxy */ = {
			isa = PBXContainerItemProxy;
			containerPortal = 2D8D21CB1E03240E004EC569 /* LECValleyUIKit.xcodeproj */;
			proxyType = 2;
			remoteGlobalIDString = 2D8D21E51E0324FE004EC569;
			remoteInfo = LECValleyUIKit;
		};
		78C398B81ACF4ADC00677621 /* PBXContainerItemProxy */ = {
			isa = PBXContainerItemProxy;
			containerPortal = 78C398B01ACF4ADC00677621 /* RCTLinking.xcodeproj */;
			proxyType = 2;
			remoteGlobalIDString = 134814201AA4EA6300B7C361;
			remoteInfo = RCTLinking;
		};
		832341B41AAA6A8300B99B32 /* PBXContainerItemProxy */ = {
			isa = PBXContainerItemProxy;
			containerPortal = 832341B01AAA6A8300B99B32 /* RCTText.xcodeproj */;
			proxyType = 2;
			remoteGlobalIDString = 58B5119B1A9E6C1200147676;
			remoteInfo = RCTText;
		};
/* End PBXContainerItemProxy section */

/* Begin PBXCopyFilesBuildPhase section */
		2D06FA491EF27CB000DC33DD /* Embed Frameworks */ = {
			isa = PBXCopyFilesBuildPhase;
			buildActionMask = 12;
			dstPath = "";
			dstSubfolderSpec = 10;
			files = (
				2D06FA6B1EF2904700DC33DD /* QBImagePicker.framework in Embed Frameworks */,
				2D06FA6D1EF2904700DC33DD /* RSKImageCropper.framework in Embed Frameworks */,
			);
			name = "Embed Frameworks";
			runOnlyForDeploymentPostprocessing = 0;
		};
/* End PBXCopyFilesBuildPhase section */

/* Begin PBXFileReference section */
		008F07F21AC5B25A0029DE68 /* main.jsbundle */ = {isa = PBXFileReference; fileEncoding = 4; lastKnownFileType = text; path = main.jsbundle; sourceTree = "<group>"; };
		00C302A71ABCB8CE00DB3ED1 /* RCTActionSheet.xcodeproj */ = {isa = PBXFileReference; lastKnownFileType = "wrapper.pb-project"; name = RCTActionSheet.xcodeproj; path = "../node_modules/react-native/Libraries/ActionSheetIOS/RCTActionSheet.xcodeproj"; sourceTree = "<group>"; };
		00C302B51ABCB90400DB3ED1 /* RCTGeolocation.xcodeproj */ = {isa = PBXFileReference; lastKnownFileType = "wrapper.pb-project"; name = RCTGeolocation.xcodeproj; path = "../node_modules/react-native/Libraries/Geolocation/RCTGeolocation.xcodeproj"; sourceTree = "<group>"; };
		00C302BB1ABCB91800DB3ED1 /* RCTImage.xcodeproj */ = {isa = PBXFileReference; lastKnownFileType = "wrapper.pb-project"; name = RCTImage.xcodeproj; path = "../node_modules/react-native/Libraries/Image/RCTImage.xcodeproj"; sourceTree = "<group>"; };
		00C302D31ABCB9D200DB3ED1 /* RCTNetwork.xcodeproj */ = {isa = PBXFileReference; lastKnownFileType = "wrapper.pb-project"; name = RCTNetwork.xcodeproj; path = "../node_modules/react-native/Libraries/Network/RCTNetwork.xcodeproj"; sourceTree = "<group>"; };
		00C302DF1ABCB9EE00DB3ED1 /* RCTVibration.xcodeproj */ = {isa = PBXFileReference; lastKnownFileType = "wrapper.pb-project"; name = RCTVibration.xcodeproj; path = "../node_modules/react-native/Libraries/Vibration/RCTVibration.xcodeproj"; sourceTree = "<group>"; };
		00E356EE1AD99517003FC87E /* LeDemoTests.xctest */ = {isa = PBXFileReference; explicitFileType = wrapper.cfbundle; includeInIndex = 0; path = LeDemoTests.xctest; sourceTree = BUILT_PRODUCTS_DIR; };
		00E356F11AD99517003FC87E /* Info.plist */ = {isa = PBXFileReference; lastKnownFileType = text.plist.xml; path = Info.plist; sourceTree = "<group>"; };
		00E356F21AD99517003FC87E /* LeDemoTests.m */ = {isa = PBXFileReference; lastKnownFileType = sourcecode.c.objc; path = LeDemoTests.m; sourceTree = "<group>"; };
		139105B61AF99BAD00B5F7CC /* RCTSettings.xcodeproj */ = {isa = PBXFileReference; lastKnownFileType = "wrapper.pb-project"; name = RCTSettings.xcodeproj; path = "../node_modules/react-native/Libraries/Settings/RCTSettings.xcodeproj"; sourceTree = "<group>"; };
		139FDEE61B06529A00C62182 /* RCTWebSocket.xcodeproj */ = {isa = PBXFileReference; lastKnownFileType = "wrapper.pb-project"; name = RCTWebSocket.xcodeproj; path = "../node_modules/react-native/Libraries/WebSocket/RCTWebSocket.xcodeproj"; sourceTree = "<group>"; };
		13B07F961A680F5B00A75B9A /* LeDemo.app */ = {isa = PBXFileReference; explicitFileType = wrapper.application; includeInIndex = 0; path = LeDemo.app; sourceTree = BUILT_PRODUCTS_DIR; };
		13B07FAF1A68108700A75B9A /* AppDelegate.h */ = {isa = PBXFileReference; fileEncoding = 4; lastKnownFileType = sourcecode.c.h; name = AppDelegate.h; path = LeDemo/AppDelegate.h; sourceTree = "<group>"; };
		13B07FB01A68108700A75B9A /* AppDelegate.m */ = {isa = PBXFileReference; fileEncoding = 4; lastKnownFileType = sourcecode.c.objc; name = AppDelegate.m; path = LeDemo/AppDelegate.m; sourceTree = "<group>"; };
		13B07FB21A68108700A75B9A /* Base */ = {isa = PBXFileReference; lastKnownFileType = file.xib; name = Base; path = Base.lproj/LaunchScreen.xib; sourceTree = "<group>"; };
		13B07FB51A68108700A75B9A /* Images.xcassets */ = {isa = PBXFileReference; lastKnownFileType = folder.assetcatalog; name = Images.xcassets; path = LeDemo/Images.xcassets; sourceTree = "<group>"; };
		13B07FB61A68108700A75B9A /* Info.plist */ = {isa = PBXFileReference; fileEncoding = 4; lastKnownFileType = text.plist.xml; name = Info.plist; path = LeDemo/Info.plist; sourceTree = "<group>"; };
		13B07FB71A68108700A75B9A /* main.m */ = {isa = PBXFileReference; fileEncoding = 4; lastKnownFileType = sourcecode.c.objc; name = main.m; path = LeDemo/main.m; sourceTree = "<group>"; };
		146833FF1AC3E56700842450 /* React.xcodeproj */ = {isa = PBXFileReference; lastKnownFileType = "wrapper.pb-project"; name = React.xcodeproj; path = "../node_modules/react-native/React/React.xcodeproj"; sourceTree = "<group>"; };
		17750468756A4148AF35D158 /* CodePush.xcodeproj */ = {isa = PBXFileReference; explicitFileType = undefined; fileEncoding = 9; includeInIndex = 0; lastKnownFileType = "wrapper.pb-project"; name = CodePush.xcodeproj; path = "../node_modules/react-native-code-push/ios/CodePush.xcodeproj"; sourceTree = "<group>"; };
		2D06F9A61EE6D37400DC33DD /* AlipaySDK.bundle */ = {isa = PBXFileReference; lastKnownFileType = "wrapper.plug-in"; name = AlipaySDK.bundle; path = bundle/AlipaySDK.bundle; sourceTree = "<group>"; };
		2D06F9C31EE6D39100DC33DD /* LePaySDK */ = {isa = PBXFileReference; lastKnownFileType = folder; name = LePaySDK; path = inc/LePaySDK; sourceTree = "<group>"; };
		2D06F9C41EE6D39100DC33DD /* letracker */ = {isa = PBXFileReference; lastKnownFileType = folder; name = letracker; path = inc/letracker; sourceTree = "<group>"; };
		2D06F9C71EE6D3AD00DC33DD /* AlipaySDK.framework */ = {isa = PBXFileReference; lastKnownFileType = wrapper.framework; name = AlipaySDK.framework; path = framework/AlipaySDK.framework; sourceTree = "<group>"; };
		2D06F9C91EE6D3C600DC33DD /* libagnestracker.a */ = {isa = PBXFileReference; lastKnownFileType = archive.ar; name = libagnestracker.a; path = Libs/libagnestracker.a; sourceTree = "<group>"; };
		2D06F9CA1EE6D3C600DC33DD /* libLepaySDK.a */ = {isa = PBXFileReference; lastKnownFileType = archive.ar; name = libLepaySDK.a; path = Libs/libLepaySDK.a; sourceTree = "<group>"; };
		2D06F9CB1EE6D3C600DC33DD /* libprotobuf.a */ = {isa = PBXFileReference; lastKnownFileType = archive.ar; name = libprotobuf.a; path = Libs/libprotobuf.a; sourceTree = "<group>"; };
		2D06F9CF1EE6D5FF00DC33DD /* CFNetwork.framework */ = {isa = PBXFileReference; lastKnownFileType = wrapper.framework; name = CFNetwork.framework; path = System/Library/Frameworks/CFNetwork.framework; sourceTree = SDKROOT; };
		2D06F9D11EE6D64C00DC33DD /* CoreMotion.framework */ = {isa = PBXFileReference; lastKnownFileType = wrapper.framework; name = CoreMotion.framework; path = System/Library/Frameworks/CoreMotion.framework; sourceTree = SDKROOT; };
		2D06F9D31EE6D88300DC33DD /* LepaySDK.bundle */ = {isa = PBXFileReference; lastKnownFileType = "wrapper.plug-in"; name = LepaySDK.bundle; path = bundle/LepaySDK.bundle; sourceTree = "<group>"; };
		2D06F9D51EE6D99100DC33DD /* APOpenSdk */ = {isa = PBXFileReference; lastKnownFileType = folder; name = APOpenSdk; path = inc/APOpenSdk; sourceTree = "<group>"; };
		2D06F9D71EE6D99B00DC33DD /* libAPOpenSdk.a */ = {isa = PBXFileReference; lastKnownFileType = archive.ar; name = libAPOpenSdk.a; path = Libs/libAPOpenSdk.a; sourceTree = "<group>"; };
		2D06F9D91EE6D9CC00DC33DD /* JDPAuthResource.bundle */ = {isa = PBXFileReference; lastKnownFileType = "wrapper.plug-in"; name = JDPAuthResource.bundle; path = bundle/JDPAuthResource.bundle; sourceTree = "<group>"; };
		2D06F9DB1EE6D9D800DC33DD /* JDPay */ = {isa = PBXFileReference; lastKnownFileType = folder; name = JDPay; path = inc/JDPay; sourceTree = "<group>"; };
		2D06F9DD1EE6D9E100DC33DD /* libJDPay.a */ = {isa = PBXFileReference; lastKnownFileType = archive.ar; name = libJDPay.a; path = Libs/libJDPay.a; sourceTree = "<group>"; };
		2D06FA661EF2900700DC33DD /* QBImagePicker.framework */ = {isa = PBXFileReference; lastKnownFileType = wrapper.framework; name = QBImagePicker.framework; path = framework/QBImagePicker.framework; sourceTree = "<group>"; };
		2D06FA671EF2900700DC33DD /* RSKImageCropper.framework */ = {isa = PBXFileReference; lastKnownFileType = wrapper.framework; name = RSKImageCropper.framework; path = framework/RSKImageCropper.framework; sourceTree = "<group>"; };
		2D0E62AB1E0B0101005A68AA /* libc++.tbd */ = {isa = PBXFileReference; lastKnownFileType = "sourcecode.text-based-dylib-definition"; name = "libc++.tbd"; path = "usr/lib/libc++.tbd"; sourceTree = SDKROOT; };
		2D0E62AD1E0B0112005A68AA /* libsqlite3.0.tbd */ = {isa = PBXFileReference; lastKnownFileType = "sourcecode.text-based-dylib-definition"; name = libsqlite3.0.tbd; path = usr/lib/libsqlite3.0.tbd; sourceTree = SDKROOT; };
		2D19AC801DF3DBA600D21BDC /* RCTAnimation.xcodeproj */ = {isa = PBXFileReference; lastKnownFileType = "wrapper.pb-project"; name = RCTAnimation.xcodeproj; path = "../node_modules/react-native/Libraries/NativeAnimation/RCTAnimation.xcodeproj"; sourceTree = "<group>"; };
		2D2AFC381E17C5BF00D0231B /* index.ios.jsbundle */ = {isa = PBXFileReference; fileEncoding = 4; lastKnownFileType = text; name = index.ios.jsbundle; path = bundle/index.ios.jsbundle; sourceTree = "<group>"; };
		2D2FC8591E48A4B6004D0462 /* LECVodPlayerResource.bundle */ = {isa = PBXFileReference; lastKnownFileType = "wrapper.plug-in"; name = LECVodPlayerResource.bundle; path = bundle/LECVodPlayerResource.bundle; sourceTree = "<group>"; };
		2D2FC85A1E48A4B6004D0462 /* LECValleyUIResource.bundle */ = {isa = PBXFileReference; lastKnownFileType = "wrapper.plug-in"; name = LECValleyUIResource.bundle; path = bundle/LECValleyUIResource.bundle; sourceTree = "<group>"; };
		2D2FC85B1E48A4B6004D0462 /* TencentOpenApi_IOS_Bundle.bundle */ = {isa = PBXFileReference; lastKnownFileType = "wrapper.plug-in"; name = TencentOpenApi_IOS_Bundle.bundle; path = bundle/TencentOpenApi_IOS_Bundle.bundle; sourceTree = "<group>"; };
		2D2FC85C1E48A4B6004D0462 /* WeiboSDK.bundle */ = {isa = PBXFileReference; lastKnownFileType = "wrapper.plug-in"; name = WeiboSDK.bundle; path = bundle/WeiboSDK.bundle; sourceTree = "<group>"; };
		2D2FC85D1E48A4B6004D0462 /* LECPlayerResource.bundle */ = {isa = PBXFileReference; lastKnownFileType = "wrapper.plug-in"; name = LECPlayerResource.bundle; path = bundle/LECPlayerResource.bundle; sourceTree = "<group>"; };
		2D2FC85F1E48A4B6004D0462 /* LCStreamingBundle.bundle */ = {isa = PBXFileReference; lastKnownFileType = "wrapper.plug-in"; name = LCStreamingBundle.bundle; path = bundle/LCStreamingBundle.bundle; sourceTree = "<group>"; };
		2D2FC89A1E48A5AB004D0462 /* libUMessage_Sdk_1.4.0.a */ = {isa = PBXFileReference; lastKnownFileType = archive.ar; name = libUMessage_Sdk_1.4.0.a; path = Libs/libUMessage_Sdk_1.4.0.a; sourceTree = "<group>"; };
		2D2FC89D1E48A5AB004D0462 /* libLeCloudStreaming.a */ = {isa = PBXFileReference; lastKnownFileType = archive.ar; name = libLeCloudStreaming.a; path = Libs/libLeCloudStreaming.a; sourceTree = "<group>"; };
		2D2FC89F1E48A5AB004D0462 /* libReachbility.a */ = {isa = PBXFileReference; lastKnownFileType = archive.ar; name = libReachbility.a; path = Libs/libReachbility.a; sourceTree = "<group>"; };
		2D2FC8A01E48A5AB004D0462 /* libZipArchive.a */ = {isa = PBXFileReference; lastKnownFileType = archive.ar; name = libZipArchive.a; path = Libs/libZipArchive.a; sourceTree = "<group>"; };
		2D2FC8A11E48A5AB004D0462 /* libWeChatSDK.a */ = {isa = PBXFileReference; lastKnownFileType = archive.ar; name = libWeChatSDK.a; path = Libs/libWeChatSDK.a; sourceTree = "<group>"; };
		2D2FC8A21E48A5AB004D0462 /* libWeiboSDK.a */ = {isa = PBXFileReference; lastKnownFileType = archive.ar; name = libWeiboSDK.a; path = Libs/libWeiboSDK.a; sourceTree = "<group>"; };
		2D2FC8A41E48A5AB004D0462 /* libLECPlayerFoundation.a */ = {isa = PBXFileReference; lastKnownFileType = archive.ar; name = libLECPlayerFoundation.a; path = Libs/libLECPlayerFoundation.a; sourceTree = "<group>"; };
		2D2FC8A61E48A5AB004D0462 /* libLECLivePlayerSDK.a */ = {isa = PBXFileReference; lastKnownFileType = archive.ar; name = libLECLivePlayerSDK.a; path = Libs/libLECLivePlayerSDK.a; sourceTree = "<group>"; };
		2D2FC8A71E48A5AB004D0462 /* libLECVodPlayerSDK.a */ = {isa = PBXFileReference; lastKnownFileType = archive.ar; name = libLECVodPlayerSDK.a; path = Libs/libLECVodPlayerSDK.a; sourceTree = "<group>"; };
		2D2FC8B81E48A616004D0462 /* AVFoundation.framework */ = {isa = PBXFileReference; lastKnownFileType = wrapper.framework; name = AVFoundation.framework; path = System/Library/Frameworks/AVFoundation.framework; sourceTree = SDKROOT; };
		2D2FC8BA1E48A640004D0462 /* libiconv.2.4.0.tbd */ = {isa = PBXFileReference; lastKnownFileType = "sourcecode.text-based-dylib-definition"; name = libiconv.2.4.0.tbd; path = usr/lib/libiconv.2.4.0.tbd; sourceTree = SDKROOT; };
		2D2FC8BC1E48A82F004D0462 /* libAFNetworking.a */ = {isa = PBXFileReference; lastKnownFileType = archive.ar; name = libAFNetworking.a; path = Libs/libAFNetworking.a; sourceTree = "<group>"; };
		2D33A6DA1E63669400D97E68 /* zh-Hans */ = {isa = PBXFileReference; lastKnownFileType = text.plist.strings; name = "zh-Hans"; path = "zh-Hans.lproj/LaunchScreen.strings"; sourceTree = "<group>"; };
		2D62FED01E169206002EED8E /* LeDemo.entitlements */ = {isa = PBXFileReference; lastKnownFileType = text.plist.entitlements; name = LeDemo.entitlements; path = LeDemo/LeDemo.entitlements; sourceTree = "<group>"; };
		2D65C6CA1E4B001D0036E29B /* LECLivePlayerSDK */ = {isa = PBXFileReference; lastKnownFileType = folder; name = LECLivePlayerSDK; path = inc/LECLivePlayerSDK; sourceTree = "<group>"; };
		2D65C6CC1E4B001D0036E29B /* LeCloudStreaming */ = {isa = PBXFileReference; lastKnownFileType = folder; name = LeCloudStreaming; path = inc/LeCloudStreaming; sourceTree = "<group>"; };
		2D65C6CD1E4B001D0036E29B /* LECPlayerFoundation */ = {isa = PBXFileReference; lastKnownFileType = folder; name = LECPlayerFoundation; path = inc/LECPlayerFoundation; sourceTree = "<group>"; };
		2D65C6CF1E4B001D0036E29B /* LECVodPlayerSDK */ = {isa = PBXFileReference; lastKnownFileType = folder; name = LECVodPlayerSDK; path = inc/LECVodPlayerSDK; sourceTree = "<group>"; };
		2D65C6D11E4B001D0036E29B /* UMessage_Sdk_1.4.0 */ = {isa = PBXFileReference; lastKnownFileType = folder; name = UMessage_Sdk_1.4.0; path = inc/UMessage_Sdk_1.4.0; sourceTree = "<group>"; };
		2D65C6D21E4B001D0036E29B /* WechatOpenSDK */ = {isa = PBXFileReference; lastKnownFileType = folder; name = WechatOpenSDK; path = inc/WechatOpenSDK; sourceTree = "<group>"; };
		2D65C6D31E4B001D0036E29B /* WeiboSDK */ = {isa = PBXFileReference; lastKnownFileType = folder; name = WeiboSDK; path = inc/WeiboSDK; sourceTree = "<group>"; };
		2D8CB74F1E4CAA3400C3F578 /* libLECMobilePlayerSDK.a */ = {isa = PBXFileReference; lastKnownFileType = archive.ar; name = libLECMobilePlayerSDK.a; path = Libs/libLECMobilePlayerSDK.a; sourceTree = "<group>"; };
		2D8D21CB1E03240E004EC569 /* LECValleyUIKit.xcodeproj */ = {isa = PBXFileReference; lastKnownFileType = "wrapper.pb-project"; name = LECValleyUIKit.xcodeproj; path = LECValleyUIKit/LECValleyUIKit.xcodeproj; sourceTree = "<group>"; };
		2DA206F51DE8B89B0004CE1D /* AdSupport.framework */ = {isa = PBXFileReference; lastKnownFileType = wrapper.framework; name = AdSupport.framework; path = System/Library/Frameworks/AdSupport.framework; sourceTree = SDKROOT; };
		2DA206F61DE8B89B0004CE1D /* MediaPlayer.framework */ = {isa = PBXFileReference; lastKnownFileType = wrapper.framework; name = MediaPlayer.framework; path = System/Library/Frameworks/MediaPlayer.framework; sourceTree = SDKROOT; };
		2DA206F91DE8B9950004CE1D /* AudioToolbox.framework */ = {isa = PBXFileReference; lastKnownFileType = wrapper.framework; name = AudioToolbox.framework; path = System/Library/Frameworks/AudioToolbox.framework; sourceTree = SDKROOT; };
		2DA206FA1DE8B9950004CE1D /* CoreData.framework */ = {isa = PBXFileReference; lastKnownFileType = wrapper.framework; name = CoreData.framework; path = System/Library/Frameworks/CoreData.framework; sourceTree = SDKROOT; };
		2DA206FB1DE8B9950004CE1D /* CoreLocation.framework */ = {isa = PBXFileReference; lastKnownFileType = wrapper.framework; name = CoreLocation.framework; path = System/Library/Frameworks/CoreLocation.framework; sourceTree = SDKROOT; };
		2DA206FC1DE8B9950004CE1D /* CoreMedia.framework */ = {isa = PBXFileReference; lastKnownFileType = wrapper.framework; name = CoreMedia.framework; path = System/Library/Frameworks/CoreMedia.framework; sourceTree = SDKROOT; };
		2DA206FD1DE8B9950004CE1D /* CoreTelephony.framework */ = {isa = PBXFileReference; lastKnownFileType = wrapper.framework; name = CoreTelephony.framework; path = System/Library/Frameworks/CoreTelephony.framework; sourceTree = SDKROOT; };
		2DA206FE1DE8B9950004CE1D /* JavaScriptCore.framework */ = {isa = PBXFileReference; lastKnownFileType = wrapper.framework; name = JavaScriptCore.framework; path = System/Library/Frameworks/JavaScriptCore.framework; sourceTree = SDKROOT; };
		2DA206FF1DE8B9950004CE1D /* SystemConfiguration.framework */ = {isa = PBXFileReference; lastKnownFileType = wrapper.framework; name = SystemConfiguration.framework; path = System/Library/Frameworks/SystemConfiguration.framework; sourceTree = SDKROOT; };
		2DA207001DE8B9950004CE1D /* VideoToolbox.framework */ = {isa = PBXFileReference; lastKnownFileType = wrapper.framework; name = VideoToolbox.framework; path = System/Library/Frameworks/VideoToolbox.framework; sourceTree = SDKROOT; };
		2DA207091DE8BA510004CE1D /* libiconv.tbd */ = {isa = PBXFileReference; lastKnownFileType = "sourcecode.text-based-dylib-definition"; name = libiconv.tbd; path = usr/lib/libiconv.tbd; sourceTree = SDKROOT; };
		2DA2070D1DE8BA8C0004CE1D /* libstdc++.6.0.9.tbd */ = {isa = PBXFileReference; lastKnownFileType = "sourcecode.text-based-dylib-definition"; name = "libstdc++.6.0.9.tbd"; path = "usr/lib/libstdc++.6.0.9.tbd"; sourceTree = SDKROOT; };
		2DA2070F1DE8BA990004CE1D /* libxml2.2.tbd */ = {isa = PBXFileReference; lastKnownFileType = "sourcecode.text-based-dylib-definition"; name = libxml2.2.tbd; path = usr/lib/libxml2.2.tbd; sourceTree = SDKROOT; };
		2DA207111DE8BAAC0004CE1D /* libz.1.2.5.tbd */ = {isa = PBXFileReference; lastKnownFileType = "sourcecode.text-based-dylib-definition"; name = libz.1.2.5.tbd; path = usr/lib/libz.1.2.5.tbd; sourceTree = SDKROOT; };
		2DFAE4B61E046743008937FD /* assets */ = {isa = PBXFileReference; lastKnownFileType = folder; name = assets; path = bundle/assets; sourceTree = "<group>"; };
		2DFDF5B61E0FF13100B58523 /* Security.framework */ = {isa = PBXFileReference; lastKnownFileType = wrapper.framework; name = Security.framework; path = System/Library/Frameworks/Security.framework; sourceTree = SDKROOT; };
		2DFDF5B81E0FF1BB00B58523 /* CoreGraphics.framework */ = {isa = PBXFileReference; lastKnownFileType = wrapper.framework; name = CoreGraphics.framework; path = System/Library/Frameworks/CoreGraphics.framework; sourceTree = SDKROOT; };
		2DFDF5BA1E0FF1F700B58523 /* libstdc++.tbd */ = {isa = PBXFileReference; lastKnownFileType = "sourcecode.text-based-dylib-definition"; name = "libstdc++.tbd"; path = "usr/lib/libstdc++.tbd"; sourceTree = SDKROOT; };
		2DFDF5C11E0FF96E00B58523 /* TencentOpenAPI.framework */ = {isa = PBXFileReference; lastKnownFileType = wrapper.framework; name = TencentOpenAPI.framework; path = framework/TencentOpenAPI.framework; sourceTree = "<group>"; };
		78C398B01ACF4ADC00677621 /* RCTLinking.xcodeproj */ = {isa = PBXFileReference; lastKnownFileType = "wrapper.pb-project"; name = RCTLinking.xcodeproj; path = "../node_modules/react-native/Libraries/LinkingIOS/RCTLinking.xcodeproj"; sourceTree = "<group>"; };
		832341B01AAA6A8300B99B32 /* RCTText.xcodeproj */ = {isa = PBXFileReference; lastKnownFileType = "wrapper.pb-project"; name = RCTText.xcodeproj; path = "../node_modules/react-native/Libraries/Text/RCTText.xcodeproj"; sourceTree = "<group>"; };
		930FF21BCF8F403D8916C7DE /* libz.tbd */ = {isa = PBXFileReference; explicitFileType = undefined; fileEncoding = 9; includeInIndex = 0; lastKnownFileType = "sourcecode.text-based-dylib-definition"; name = libz.tbd; path = usr/lib/libz.tbd; sourceTree = SDKROOT; };
/* End PBXFileReference section */

/* Begin PBXFrameworksBuildPhase section */
		00E356EB1AD99517003FC87E /* Frameworks */ = {
			isa = PBXFrameworksBuildPhase;
			buildActionMask = 2147483647;
			files = (
				140ED2AC1D01E1AD002B40FF /* libReact.a in Frameworks */,
			);
			runOnlyForDeploymentPostprocessing = 0;
		};
		13B07F8C1A680F5B00A75B9A /* Frameworks */ = {
			isa = PBXFrameworksBuildPhase;
			buildActionMask = 2147483647;
			files = (
				2D66BD371EF3768400BC101E /* QBImagePicker.framework in Frameworks */,
				2D66BD381EF3768400BC101E /* RSKImageCropper.framework in Frameworks */,
				392D188B09B145E0B6613D6D /* libz.tbd in Frameworks */,
				2D0E62AE1E0B0112005A68AA /* libsqlite3.0.tbd in Frameworks */,
				2D0E62AC1E0B0101005A68AA /* libc++.tbd in Frameworks */,
				2DA207121DE8BAAC0004CE1D /* libz.1.2.5.tbd in Frameworks */,
				2DA207101DE8BA990004CE1D /* libxml2.2.tbd in Frameworks */,
				2DFDF5BB1E0FF1F700B58523 /* libstdc++.tbd in Frameworks */,
				2DA2070E1DE8BA8C0004CE1D /* libstdc++.6.0.9.tbd in Frameworks */,
				2DA2070A1DE8BA510004CE1D /* libiconv.tbd in Frameworks */,
				2D2FC8BB1E48A640004D0462 /* libiconv.2.4.0.tbd in Frameworks */,
				2D06F9C81EE6D3AD00DC33DD /* AlipaySDK.framework in Frameworks */,
				2DA207011DE8B9950004CE1D /* AudioToolbox.framework in Frameworks */,
				2DA206F71DE8B89B0004CE1D /* AdSupport.framework in Frameworks */,
				2D2FC8B91E48A616004D0462 /* AVFoundation.framework in Frameworks */,
				2D06F9D01EE6D5FF00DC33DD /* CFNetwork.framework in Frameworks */,
				2D06F9D21EE6D64C00DC33DD /* CoreMotion.framework in Frameworks */,
				2DA207021DE8B9950004CE1D /* CoreData.framework in Frameworks */,
				2DA207051DE8B9950004CE1D /* CoreTelephony.framework in Frameworks */,
				2DFDF5B91E0FF1BB00B58523 /* CoreGraphics.framework in Frameworks */,
				2DA207031DE8B9950004CE1D /* CoreLocation.framework in Frameworks */,
				2DA207041DE8B9950004CE1D /* CoreMedia.framework in Frameworks */,
				2DA207061DE8B9950004CE1D /* JavaScriptCore.framework in Frameworks */,
				2DA206F81DE8B89B0004CE1D /* MediaPlayer.framework in Frameworks */,
				2DFDF5B71E0FF13100B58523 /* Security.framework in Frameworks */,
				2DA207071DE8B9950004CE1D /* SystemConfiguration.framework in Frameworks */,
				2DFDF5C21E0FF96E00B58523 /* TencentOpenAPI.framework in Frameworks */,
				2DA207081DE8B9950004CE1D /* VideoToolbox.framework in Frameworks */,
				2D06F9CD1EE6D3C600DC33DD /* libLepaySDK.a in Frameworks */,
				2D06F9CC1EE6D3C600DC33DD /* libagnestracker.a in Frameworks */,
				2D06F9CE1EE6D3C600DC33DD /* libprotobuf.a in Frameworks */,
				2D06F9DE1EE6D9E100DC33DD /* libJDPay.a in Frameworks */,
				2D8CB7031E4B603700C3F578 /* libLECPlayerFoundation.a in Frameworks */,
				2D502D491E498B7800073C55 /* libLeCloudStreaming.a in Frameworks */,
				2D06F9D81EE6D99B00DC33DD /* libAPOpenSdk.a in Frameworks */,
				2D2FC8BD1E48A82F004D0462 /* libAFNetworking.a in Frameworks */,
				2D2FC8B51E48A5AB004D0462 /* libLECLivePlayerSDK.a in Frameworks */,
				2D2FC8B01E48A5AB004D0462 /* libWeChatSDK.a in Frameworks */,
				2D8CB7501E4CAA3400C3F578 /* libLECMobilePlayerSDK.a in Frameworks */,
				2D2FC8AE1E48A5AB004D0462 /* libReachbility.a in Frameworks */,
				2D2FC8B11E48A5AB004D0462 /* libWeiboSDK.a in Frameworks */,
				2D2FC8A91E48A5AB004D0462 /* libUMessage_Sdk_1.4.0.a in Frameworks */,
				2D2FC8AF1E48A5AB004D0462 /* libZipArchive.a in Frameworks */,
				2D2FC8B61E48A5AB004D0462 /* libLECVodPlayerSDK.a in Frameworks */,
				146834051AC3E58100842450 /* libReact.a in Frameworks */,
				2D19AC981DF3DCF100D21BDC /* libRCTAnimation.a in Frameworks */,
				00C302E51ABCBA2D00DB3ED1 /* libRCTActionSheet.a in Frameworks */,
				00C302E71ABCBA2D00DB3ED1 /* libRCTGeolocation.a in Frameworks */,
				00C302E81ABCBA2D00DB3ED1 /* libRCTImage.a in Frameworks */,
				133E29F31AD74F7200F7D852 /* libRCTLinking.a in Frameworks */,
				00C302E91ABCBA2D00DB3ED1 /* libRCTNetwork.a in Frameworks */,
				139105C61AF99C1200B5F7CC /* libRCTSettings.a in Frameworks */,
				832341BD1AAA6AB300B99B32 /* libRCTText.a in Frameworks */,
				00C302EA1ABCBA2D00DB3ED1 /* libRCTVibration.a in Frameworks */,
				139FDEF61B0652A700C62182 /* libRCTWebSocket.a in Frameworks */,
				2D8D220A1E0328F2004EC569 /* libLECValleyUIKit.a in Frameworks */,
				2D2FC8E61E48AC30004D0462 /* libCodePush.a in Frameworks */,
			);
			runOnlyForDeploymentPostprocessing = 0;
		};
/* End PBXFrameworksBuildPhase section */

/* Begin PBXGroup section */
		00C302A81ABCB8CE00DB3ED1 /* Products */ = {
			isa = PBXGroup;
			children = (
				00C302AC1ABCB8CE00DB3ED1 /* libRCTActionSheet.a */,
			);
			name = Products;
			sourceTree = "<group>";
		};
		00C302B61ABCB90400DB3ED1 /* Products */ = {
			isa = PBXGroup;
			children = (
				00C302BA1ABCB90400DB3ED1 /* libRCTGeolocation.a */,
			);
			name = Products;
			sourceTree = "<group>";
		};
		00C302BC1ABCB91800DB3ED1 /* Products */ = {
			isa = PBXGroup;
			children = (
				00C302C01ABCB91800DB3ED1 /* libRCTImage.a */,
				2D1C9A4A1DC1EAB60020E496 /* libRCTImage-tvOS.a */,
			);
			name = Products;
			sourceTree = "<group>";
		};
		00C302D41ABCB9D200DB3ED1 /* Products */ = {
			isa = PBXGroup;
			children = (
				00C302DC1ABCB9D200DB3ED1 /* libRCTNetwork.a */,
				2D1C9A521DC1EAB60020E496 /* libRCTNetwork-tvOS.a */,
			);
			name = Products;
			sourceTree = "<group>";
		};
		00C302E01ABCB9EE00DB3ED1 /* Products */ = {
			isa = PBXGroup;
			children = (
				00C302E41ABCB9EE00DB3ED1 /* libRCTVibration.a */,
			);
			name = Products;
			sourceTree = "<group>";
		};
		00E356EF1AD99517003FC87E /* LeDemoTests */ = {
			isa = PBXGroup;
			children = (
				00E356F21AD99517003FC87E /* LeDemoTests.m */,
				00E356F01AD99517003FC87E /* Supporting Files */,
			);
			path = LeDemoTests;
			sourceTree = "<group>";
		};
		00E356F01AD99517003FC87E /* Supporting Files */ = {
			isa = PBXGroup;
			children = (
				00E356F11AD99517003FC87E /* Info.plist */,
			);
			name = "Supporting Files";
			sourceTree = "<group>";
		};
		139105B71AF99BAD00B5F7CC /* Products */ = {
			isa = PBXGroup;
			children = (
				139105C11AF99BAD00B5F7CC /* libRCTSettings.a */,
				2D1C9A561DC1EAB60020E496 /* libRCTSettings-tvOS.a */,
			);
			name = Products;
			sourceTree = "<group>";
		};
		139FDEE71B06529A00C62182 /* Products */ = {
			isa = PBXGroup;
			children = (
				139FDEF41B06529B00C62182 /* libRCTWebSocket.a */,
				2D1C9A5F1DC1EAB60020E496 /* libRCTWebSocket-tvOS.a */,
			);
			name = Products;
			sourceTree = "<group>";
		};
		13B07FAE1A68108700A75B9A /* LeDemo */ = {
			isa = PBXGroup;
			children = (
				2D2AFC381E17C5BF00D0231B /* index.ios.jsbundle */,
				2D62FED01E169206002EED8E /* LeDemo.entitlements */,
				2DFAE4B61E046743008937FD /* assets */,
				13B07FAF1A68108700A75B9A /* AppDelegate.h */,
				13B07FB01A68108700A75B9A /* AppDelegate.m */,
				008F07F21AC5B25A0029DE68 /* main.jsbundle */,
				13B07FB51A68108700A75B9A /* Images.xcassets */,
				13B07FB61A68108700A75B9A /* Info.plist */,
				13B07FB11A68108700A75B9A /* LaunchScreen.xib */,
				13B07FB71A68108700A75B9A /* main.m */,
				2D8D20941E031A00004EC569 /* Libs */,
				2D65C6AE1E4AFFF60036E29B /* inc */,
			);
			name = LeDemo;
			sourceTree = "<group>";
		};
		146834001AC3E56700842450 /* Products */ = {
			isa = PBXGroup;
			children = (
				146834041AC3E56700842450 /* libReact.a */,
				2D1C9A631DC1EAB60020E496 /* libReact.a */,
				2D4D74951E20A8BC000E6F69 /* libyoga.a */,
				2D4D74971E20A8BC000E6F69 /* libyoga.a */,
				2D4D74991E20A8BC000E6F69 /* libcxxreact.a */,
				2D4D749B1E20A8BC000E6F69 /* libcxxreact.a */,
				2D4D749D1E20A8BC000E6F69 /* libjschelpers.a */,
				2D4D749F1E20A8BC000E6F69 /* libjschelpers.a */,
			);
			name = Products;
			sourceTree = "<group>";
		};
		2D19AC811DF3DBA600D21BDC /* Products */ = {
			isa = PBXGroup;
			children = (
				2D19AC861DF3DBA600D21BDC /* libRCTAnimation.a */,
				2D19AC881DF3DBA600D21BDC /* libRCTAnimation.a */,
			);
			name = Products;
			sourceTree = "<group>";
		};
		2D1C9A401DC1EAB50020E496 /* Products */ = {
			isa = PBXGroup;
			children = (
				2D1C9A441DC1EAB60020E496 /* libCodePush.a */,
			);
			name = Products;
			sourceTree = "<group>";
		};
		2D65C6AE1E4AFFF60036E29B /* inc */ = {
			isa = PBXGroup;
			children = (
				2D06F9DB1EE6D9D800DC33DD /* JDPay */,
				2D06F9D51EE6D99100DC33DD /* APOpenSdk */,
				2D06F9C31EE6D39100DC33DD /* LePaySDK */,
				2D06F9C41EE6D39100DC33DD /* letracker */,
				2D65C6CA1E4B001D0036E29B /* LECLivePlayerSDK */,
				2D65C6CC1E4B001D0036E29B /* LeCloudStreaming */,
				2D65C6CD1E4B001D0036E29B /* LECPlayerFoundation */,
				2D65C6CF1E4B001D0036E29B /* LECVodPlayerSDK */,
				2D65C6D11E4B001D0036E29B /* UMessage_Sdk_1.4.0 */,
				2D65C6D21E4B001D0036E29B /* WechatOpenSDK */,
				2D65C6D31E4B001D0036E29B /* WeiboSDK */,
			);
			name = inc;
			sourceTree = "<group>";
		};
		2D8D20941E031A00004EC569 /* Libs */ = {
			isa = PBXGroup;
			children = (
				2D06F9DD1EE6D9E100DC33DD /* libJDPay.a */,
				2D06F9D71EE6D99B00DC33DD /* libAPOpenSdk.a */,
				2D06F9C91EE6D3C600DC33DD /* libagnestracker.a */,
				2D06F9CA1EE6D3C600DC33DD /* libLepaySDK.a */,
				2D06F9CB1EE6D3C600DC33DD /* libprotobuf.a */,
				2D2FC8BC1E48A82F004D0462 /* libAFNetworking.a */,
				2D2FC89A1E48A5AB004D0462 /* libUMessage_Sdk_1.4.0.a */,
				2D2FC89F1E48A5AB004D0462 /* libReachbility.a */,
				2D2FC8A01E48A5AB004D0462 /* libZipArchive.a */,
				2D2FC8A11E48A5AB004D0462 /* libWeChatSDK.a */,
				2D2FC8A21E48A5AB004D0462 /* libWeiboSDK.a */,
				2D2FC89D1E48A5AB004D0462 /* libLeCloudStreaming.a */,
				2D8CB74F1E4CAA3400C3F578 /* libLECMobilePlayerSDK.a */,
				2D2FC8A41E48A5AB004D0462 /* libLECPlayerFoundation.a */,
				2D2FC8A61E48A5AB004D0462 /* libLECLivePlayerSDK.a */,
				2D2FC8A71E48A5AB004D0462 /* libLECVodPlayerSDK.a */,
			);
			name = Libs;
			sourceTree = "<group>";
		};
		2D8D21CC1E03240E004EC569 /* Products */ = {
			isa = PBXGroup;
			children = (
				2D8D21F61E0328B6004EC569 /* libLECValleyUIKit.a */,
			);
			name = Products;
			sourceTree = "<group>";
		};
		2DA206ED1DE8B7B10004CE1D /* Bundles */ = {
			isa = PBXGroup;
			children = (
				2D06F9D91EE6D9CC00DC33DD /* JDPAuthResource.bundle */,
				2D06F9D31EE6D88300DC33DD /* LepaySDK.bundle */,
				2D06F9A61EE6D37400DC33DD /* AlipaySDK.bundle */,
				2D2FC8591E48A4B6004D0462 /* LECVodPlayerResource.bundle */,
				2D2FC85A1E48A4B6004D0462 /* LECValleyUIResource.bundle */,
				2D2FC85B1E48A4B6004D0462 /* TencentOpenApi_IOS_Bundle.bundle */,
				2D2FC85C1E48A4B6004D0462 /* WeiboSDK.bundle */,
				2D2FC85D1E48A4B6004D0462 /* LECPlayerResource.bundle */,
				2D2FC85F1E48A4B6004D0462 /* LCStreamingBundle.bundle */,
			);
			name = Bundles;
			sourceTree = "<group>";
		};
		2DA206F41DE8B89A0004CE1D /* Frameworks */ = {
			isa = PBXGroup;
			children = (
				2D06FA661EF2900700DC33DD /* QBImagePicker.framework */,
				2D06FA671EF2900700DC33DD /* RSKImageCropper.framework */,
				2D2FC8BA1E48A640004D0462 /* libiconv.2.4.0.tbd */,
				2DFDF5BA1E0FF1F700B58523 /* libstdc++.tbd */,
				2D0E62AD1E0B0112005A68AA /* libsqlite3.0.tbd */,
				2D0E62AB1E0B0101005A68AA /* libc++.tbd */,
				2DA207111DE8BAAC0004CE1D /* libz.1.2.5.tbd */,
				2DA2070F1DE8BA990004CE1D /* libxml2.2.tbd */,
				2DA2070D1DE8BA8C0004CE1D /* libstdc++.6.0.9.tbd */,
				2DA207091DE8BA510004CE1D /* libiconv.tbd */,
				930FF21BCF8F403D8916C7DE /* libz.tbd */,
				2D06F9C71EE6D3AD00DC33DD /* AlipaySDK.framework */,
				2D06F9CF1EE6D5FF00DC33DD /* CFNetwork.framework */,
				2D06F9D11EE6D64C00DC33DD /* CoreMotion.framework */,
				2D2FC8B81E48A616004D0462 /* AVFoundation.framework */,
				2DA206F51DE8B89B0004CE1D /* AdSupport.framework */,
				2DA206F91DE8B9950004CE1D /* AudioToolbox.framework */,
				2DA206FA1DE8B9950004CE1D /* CoreData.framework */,
				2DA206FB1DE8B9950004CE1D /* CoreLocation.framework */,
				2DFDF5B81E0FF1BB00B58523 /* CoreGraphics.framework */,
				2DA206FC1DE8B9950004CE1D /* CoreMedia.framework */,
				2DA206FD1DE8B9950004CE1D /* CoreTelephony.framework */,
				2DA206FE1DE8B9950004CE1D /* JavaScriptCore.framework */,
				2DA206F61DE8B89B0004CE1D /* MediaPlayer.framework */,
				2DFDF5B61E0FF13100B58523 /* Security.framework */,
				2DA206FF1DE8B9950004CE1D /* SystemConfiguration.framework */,
				2DFDF5C11E0FF96E00B58523 /* TencentOpenAPI.framework */,
				2DA207001DE8B9950004CE1D /* VideoToolbox.framework */,
			);
			name = Frameworks;
			sourceTree = "<group>";
		};
		78C398B11ACF4ADC00677621 /* Products */ = {
			isa = PBXGroup;
			children = (
				78C398B91ACF4ADC00677621 /* libRCTLinking.a */,
				2D1C9A4E1DC1EAB60020E496 /* libRCTLinking-tvOS.a */,
			);
			name = Products;
			sourceTree = "<group>";
		};
		832341AE1AAA6A7D00B99B32 /* Libraries */ = {
			isa = PBXGroup;
			children = (
				2D8D21CB1E03240E004EC569 /* LECValleyUIKit.xcodeproj */,
				2D19AC801DF3DBA600D21BDC /* RCTAnimation.xcodeproj */,
				146833FF1AC3E56700842450 /* React.xcodeproj */,
				00C302A71ABCB8CE00DB3ED1 /* RCTActionSheet.xcodeproj */,
				00C302B51ABCB90400DB3ED1 /* RCTGeolocation.xcodeproj */,
				00C302BB1ABCB91800DB3ED1 /* RCTImage.xcodeproj */,
				78C398B01ACF4ADC00677621 /* RCTLinking.xcodeproj */,
				00C302D31ABCB9D200DB3ED1 /* RCTNetwork.xcodeproj */,
				139105B61AF99BAD00B5F7CC /* RCTSettings.xcodeproj */,
				832341B01AAA6A8300B99B32 /* RCTText.xcodeproj */,
				00C302DF1ABCB9EE00DB3ED1 /* RCTVibration.xcodeproj */,
				139FDEE61B06529A00C62182 /* RCTWebSocket.xcodeproj */,
				17750468756A4148AF35D158 /* CodePush.xcodeproj */,
			);
			name = Libraries;
			sourceTree = "<group>";
		};
		832341B11AAA6A8300B99B32 /* Products */ = {
			isa = PBXGroup;
			children = (
				832341B51AAA6A8300B99B32 /* libRCTText.a */,
				2D1C9A5A1DC1EAB60020E496 /* libRCTText-tvOS.a */,
			);
			name = Products;
			sourceTree = "<group>";
		};
		83CBB9F61A601CBA00E9B192 = {
			isa = PBXGroup;
			children = (
				2DA206ED1DE8B7B10004CE1D /* Bundles */,
				13B07FAE1A68108700A75B9A /* LeDemo */,
				832341AE1AAA6A7D00B99B32 /* Libraries */,
				00E356EF1AD99517003FC87E /* LeDemoTests */,
				83CBBA001A601CBA00E9B192 /* Products */,
				2DA206F41DE8B89A0004CE1D /* Frameworks */,
			);
			indentWidth = 2;
			sourceTree = "<group>";
			tabWidth = 2;
		};
		83CBBA001A601CBA00E9B192 /* Products */ = {
			isa = PBXGroup;
			children = (
				13B07F961A680F5B00A75B9A /* LeDemo.app */,
				00E356EE1AD99517003FC87E /* LeDemoTests.xctest */,
			);
			name = Products;
			sourceTree = "<group>";
		};
/* End PBXGroup section */

/* Begin PBXNativeTarget section */
		00E356ED1AD99517003FC87E /* LeDemoTests */ = {
			isa = PBXNativeTarget;
			buildConfigurationList = 00E357021AD99517003FC87E /* Build configuration list for PBXNativeTarget "LeDemoTests" */;
			buildPhases = (
				00E356EA1AD99517003FC87E /* Sources */,
				00E356EB1AD99517003FC87E /* Frameworks */,
				00E356EC1AD99517003FC87E /* Resources */,
			);
			buildRules = (
			);
			dependencies = (
				00E356F51AD99517003FC87E /* PBXTargetDependency */,
			);
			name = LeDemoTests;
			productName = LeDemoTests;
			productReference = 00E356EE1AD99517003FC87E /* LeDemoTests.xctest */;
			productType = "com.apple.product-type.bundle.unit-test";
		};
		13B07F861A680F5B00A75B9A /* LeDemo */ = {
			isa = PBXNativeTarget;
			buildConfigurationList = 13B07F931A680F5B00A75B9A /* Build configuration list for PBXNativeTarget "LeDemo" */;
			buildPhases = (
				13B07F871A680F5B00A75B9A /* Sources */,
				13B07F8C1A680F5B00A75B9A /* Frameworks */,
				13B07F8E1A680F5B00A75B9A /* Resources */,
				00DD1BFF1BD5951E006B06BC /* Bundle React Native code and images */,
				2D06FA491EF27CB000DC33DD /* Embed Frameworks */,
			);
			buildRules = (
			);
			dependencies = (
			);
			name = LeDemo;
			productName = "Hello World";
			productReference = 13B07F961A680F5B00A75B9A /* LeDemo.app */;
			productType = "com.apple.product-type.application";
		};
/* End PBXNativeTarget section */

/* Begin PBXProject section */
		83CBB9F71A601CBA00E9B192 /* Project object */ = {
			isa = PBXProject;
			attributes = {
				LastUpgradeCheck = 0810;
				ORGANIZATIONNAME = Facebook;
				TargetAttributes = {
					00E356ED1AD99517003FC87E = {
						CreatedOnToolsVersion = 6.2;
						DevelopmentTeam = ULW82G2846;
						ProvisioningStyle = Automatic;
						TestTargetID = 13B07F861A680F5B00A75B9A;
					};
					13B07F861A680F5B00A75B9A = {
						DevelopmentTeam = ULW82G2846;
						ProvisioningStyle = Manual;
						SystemCapabilities = {
							com.apple.GameCenter = {
								enabled = 0;
							};
							com.apple.InAppPurchase = {
								enabled = 0;
							};
							com.apple.Keychain = {
								enabled = 1;
							};
							com.apple.Push = {
								enabled = 1;
							};
						};
					};
				};
			};
			buildConfigurationList = 83CBB9FA1A601CBA00E9B192 /* Build configuration list for PBXProject "LeDemo" */;
			compatibilityVersion = "Xcode 3.2";
			developmentRegion = English;
			hasScannedForEncodings = 0;
			knownRegions = (
				en,
				Base,
			);
			mainGroup = 83CBB9F61A601CBA00E9B192;
			productRefGroup = 83CBBA001A601CBA00E9B192 /* Products */;
			projectDirPath = "";
			projectReferences = (
				{
					ProductGroup = 2D1C9A401DC1EAB50020E496 /* Products */;
					ProjectRef = 17750468756A4148AF35D158 /* CodePush.xcodeproj */;
				},
				{
					ProductGroup = 2D8D21CC1E03240E004EC569 /* Products */;
					ProjectRef = 2D8D21CB1E03240E004EC569 /* LECValleyUIKit.xcodeproj */;
				},
				{
					ProductGroup = 00C302A81ABCB8CE00DB3ED1 /* Products */;
					ProjectRef = 00C302A71ABCB8CE00DB3ED1 /* RCTActionSheet.xcodeproj */;
				},
				{
					ProductGroup = 2D19AC811DF3DBA600D21BDC /* Products */;
					ProjectRef = 2D19AC801DF3DBA600D21BDC /* RCTAnimation.xcodeproj */;
				},
				{
					ProductGroup = 00C302B61ABCB90400DB3ED1 /* Products */;
					ProjectRef = 00C302B51ABCB90400DB3ED1 /* RCTGeolocation.xcodeproj */;
				},
				{
					ProductGroup = 00C302BC1ABCB91800DB3ED1 /* Products */;
					ProjectRef = 00C302BB1ABCB91800DB3ED1 /* RCTImage.xcodeproj */;
				},
				{
					ProductGroup = 78C398B11ACF4ADC00677621 /* Products */;
					ProjectRef = 78C398B01ACF4ADC00677621 /* RCTLinking.xcodeproj */;
				},
				{
					ProductGroup = 00C302D41ABCB9D200DB3ED1 /* Products */;
					ProjectRef = 00C302D31ABCB9D200DB3ED1 /* RCTNetwork.xcodeproj */;
				},
				{
					ProductGroup = 139105B71AF99BAD00B5F7CC /* Products */;
					ProjectRef = 139105B61AF99BAD00B5F7CC /* RCTSettings.xcodeproj */;
				},
				{
					ProductGroup = 832341B11AAA6A8300B99B32 /* Products */;
					ProjectRef = 832341B01AAA6A8300B99B32 /* RCTText.xcodeproj */;
				},
				{
					ProductGroup = 00C302E01ABCB9EE00DB3ED1 /* Products */;
					ProjectRef = 00C302DF1ABCB9EE00DB3ED1 /* RCTVibration.xcodeproj */;
				},
				{
					ProductGroup = 139FDEE71B06529A00C62182 /* Products */;
					ProjectRef = 139FDEE61B06529A00C62182 /* RCTWebSocket.xcodeproj */;
				},
				{
					ProductGroup = 146834001AC3E56700842450 /* Products */;
					ProjectRef = 146833FF1AC3E56700842450 /* React.xcodeproj */;
				},
			);
			projectRoot = "";
			targets = (
				13B07F861A680F5B00A75B9A /* LeDemo */,
				00E356ED1AD99517003FC87E /* LeDemoTests */,
			);
		};
/* End PBXProject section */

/* Begin PBXReferenceProxy section */
		00C302AC1ABCB8CE00DB3ED1 /* libRCTActionSheet.a */ = {
			isa = PBXReferenceProxy;
			fileType = archive.ar;
			path = libRCTActionSheet.a;
			remoteRef = 00C302AB1ABCB8CE00DB3ED1 /* PBXContainerItemProxy */;
			sourceTree = BUILT_PRODUCTS_DIR;
		};
		00C302BA1ABCB90400DB3ED1 /* libRCTGeolocation.a */ = {
			isa = PBXReferenceProxy;
			fileType = archive.ar;
			path = libRCTGeolocation.a;
			remoteRef = 00C302B91ABCB90400DB3ED1 /* PBXContainerItemProxy */;
			sourceTree = BUILT_PRODUCTS_DIR;
		};
		00C302C01ABCB91800DB3ED1 /* libRCTImage.a */ = {
			isa = PBXReferenceProxy;
			fileType = archive.ar;
			path = libRCTImage.a;
			remoteRef = 00C302BF1ABCB91800DB3ED1 /* PBXContainerItemProxy */;
			sourceTree = BUILT_PRODUCTS_DIR;
		};
		00C302DC1ABCB9D200DB3ED1 /* libRCTNetwork.a */ = {
			isa = PBXReferenceProxy;
			fileType = archive.ar;
			path = libRCTNetwork.a;
			remoteRef = 00C302DB1ABCB9D200DB3ED1 /* PBXContainerItemProxy */;
			sourceTree = BUILT_PRODUCTS_DIR;
		};
		00C302E41ABCB9EE00DB3ED1 /* libRCTVibration.a */ = {
			isa = PBXReferenceProxy;
			fileType = archive.ar;
			path = libRCTVibration.a;
			remoteRef = 00C302E31ABCB9EE00DB3ED1 /* PBXContainerItemProxy */;
			sourceTree = BUILT_PRODUCTS_DIR;
		};
		139105C11AF99BAD00B5F7CC /* libRCTSettings.a */ = {
			isa = PBXReferenceProxy;
			fileType = archive.ar;
			path = libRCTSettings.a;
			remoteRef = 139105C01AF99BAD00B5F7CC /* PBXContainerItemProxy */;
			sourceTree = BUILT_PRODUCTS_DIR;
		};
		139FDEF41B06529B00C62182 /* libRCTWebSocket.a */ = {
			isa = PBXReferenceProxy;
			fileType = archive.ar;
			path = libRCTWebSocket.a;
			remoteRef = 139FDEF31B06529B00C62182 /* PBXContainerItemProxy */;
			sourceTree = BUILT_PRODUCTS_DIR;
		};
		146834041AC3E56700842450 /* libReact.a */ = {
			isa = PBXReferenceProxy;
			fileType = archive.ar;
			path = libReact.a;
			remoteRef = 146834031AC3E56700842450 /* PBXContainerItemProxy */;
			sourceTree = BUILT_PRODUCTS_DIR;
		};
		2D19AC861DF3DBA600D21BDC /* libRCTAnimation.a */ = {
			isa = PBXReferenceProxy;
			fileType = archive.ar;
			path = libRCTAnimation.a;
			remoteRef = 2D19AC851DF3DBA600D21BDC /* PBXContainerItemProxy */;
			sourceTree = BUILT_PRODUCTS_DIR;
		};
		2D19AC881DF3DBA600D21BDC /* libRCTAnimation.a */ = {
			isa = PBXReferenceProxy;
			fileType = archive.ar;
			path = libRCTAnimation.a;
			remoteRef = 2D19AC871DF3DBA600D21BDC /* PBXContainerItemProxy */;
			sourceTree = BUILT_PRODUCTS_DIR;
		};
		2D1C9A441DC1EAB60020E496 /* libCodePush.a */ = {
			isa = PBXReferenceProxy;
			fileType = archive.ar;
			path = libCodePush.a;
			remoteRef = 2D1C9A431DC1EAB60020E496 /* PBXContainerItemProxy */;
			sourceTree = BUILT_PRODUCTS_DIR;
		};
		2D1C9A4A1DC1EAB60020E496 /* libRCTImage-tvOS.a */ = {
			isa = PBXReferenceProxy;
			fileType = archive.ar;
			path = "libRCTImage-tvOS.a";
			remoteRef = 2D1C9A491DC1EAB60020E496 /* PBXContainerItemProxy */;
			sourceTree = BUILT_PRODUCTS_DIR;
		};
		2D1C9A4E1DC1EAB60020E496 /* libRCTLinking-tvOS.a */ = {
			isa = PBXReferenceProxy;
			fileType = archive.ar;
			path = "libRCTLinking-tvOS.a";
			remoteRef = 2D1C9A4D1DC1EAB60020E496 /* PBXContainerItemProxy */;
			sourceTree = BUILT_PRODUCTS_DIR;
		};
		2D1C9A521DC1EAB60020E496 /* libRCTNetwork-tvOS.a */ = {
			isa = PBXReferenceProxy;
			fileType = archive.ar;
			path = "libRCTNetwork-tvOS.a";
			remoteRef = 2D1C9A511DC1EAB60020E496 /* PBXContainerItemProxy */;
			sourceTree = BUILT_PRODUCTS_DIR;
		};
		2D1C9A561DC1EAB60020E496 /* libRCTSettings-tvOS.a */ = {
			isa = PBXReferenceProxy;
			fileType = archive.ar;
			path = "libRCTSettings-tvOS.a";
			remoteRef = 2D1C9A551DC1EAB60020E496 /* PBXContainerItemProxy */;
			sourceTree = BUILT_PRODUCTS_DIR;
		};
		2D1C9A5A1DC1EAB60020E496 /* libRCTText-tvOS.a */ = {
			isa = PBXReferenceProxy;
			fileType = archive.ar;
			path = "libRCTText-tvOS.a";
			remoteRef = 2D1C9A591DC1EAB60020E496 /* PBXContainerItemProxy */;
			sourceTree = BUILT_PRODUCTS_DIR;
		};
		2D1C9A5F1DC1EAB60020E496 /* libRCTWebSocket-tvOS.a */ = {
			isa = PBXReferenceProxy;
			fileType = archive.ar;
			path = "libRCTWebSocket-tvOS.a";
			remoteRef = 2D1C9A5E1DC1EAB60020E496 /* PBXContainerItemProxy */;
			sourceTree = BUILT_PRODUCTS_DIR;
		};
		2D1C9A631DC1EAB60020E496 /* libReact.a */ = {
			isa = PBXReferenceProxy;
			fileType = archive.ar;
			path = libReact.a;
			remoteRef = 2D1C9A621DC1EAB60020E496 /* PBXContainerItemProxy */;
			sourceTree = BUILT_PRODUCTS_DIR;
		};
		2D4D74951E20A8BC000E6F69 /* libyoga.a */ = {
			isa = PBXReferenceProxy;
			fileType = archive.ar;
			path = libyoga.a;
			remoteRef = 2D4D74941E20A8BC000E6F69 /* PBXContainerItemProxy */;
			sourceTree = BUILT_PRODUCTS_DIR;
		};
		2D4D74971E20A8BC000E6F69 /* libyoga.a */ = {
			isa = PBXReferenceProxy;
			fileType = archive.ar;
			path = libyoga.a;
			remoteRef = 2D4D74961E20A8BC000E6F69 /* PBXContainerItemProxy */;
			sourceTree = BUILT_PRODUCTS_DIR;
		};
		2D4D74991E20A8BC000E6F69 /* libcxxreact.a */ = {
			isa = PBXReferenceProxy;
			fileType = archive.ar;
			path = libcxxreact.a;
			remoteRef = 2D4D74981E20A8BC000E6F69 /* PBXContainerItemProxy */;
			sourceTree = BUILT_PRODUCTS_DIR;
		};
		2D4D749B1E20A8BC000E6F69 /* libcxxreact.a */ = {
			isa = PBXReferenceProxy;
			fileType = archive.ar;
			path = libcxxreact.a;
			remoteRef = 2D4D749A1E20A8BC000E6F69 /* PBXContainerItemProxy */;
			sourceTree = BUILT_PRODUCTS_DIR;
		};
		2D4D749D1E20A8BC000E6F69 /* libjschelpers.a */ = {
			isa = PBXReferenceProxy;
			fileType = archive.ar;
			path = libjschelpers.a;
			remoteRef = 2D4D749C1E20A8BC000E6F69 /* PBXContainerItemProxy */;
			sourceTree = BUILT_PRODUCTS_DIR;
		};
		2D4D749F1E20A8BC000E6F69 /* libjschelpers.a */ = {
			isa = PBXReferenceProxy;
			fileType = archive.ar;
			path = libjschelpers.a;
			remoteRef = 2D4D749E1E20A8BC000E6F69 /* PBXContainerItemProxy */;
			sourceTree = BUILT_PRODUCTS_DIR;
		};
		2D8D21F61E0328B6004EC569 /* libLECValleyUIKit.a */ = {
			isa = PBXReferenceProxy;
			fileType = archive.ar;
			path = libLECValleyUIKit.a;
			remoteRef = 2D8D21F51E0328B6004EC569 /* PBXContainerItemProxy */;
			sourceTree = BUILT_PRODUCTS_DIR;
		};
		78C398B91ACF4ADC00677621 /* libRCTLinking.a */ = {
			isa = PBXReferenceProxy;
			fileType = archive.ar;
			path = libRCTLinking.a;
			remoteRef = 78C398B81ACF4ADC00677621 /* PBXContainerItemProxy */;
			sourceTree = BUILT_PRODUCTS_DIR;
		};
		832341B51AAA6A8300B99B32 /* libRCTText.a */ = {
			isa = PBXReferenceProxy;
			fileType = archive.ar;
			path = libRCTText.a;
			remoteRef = 832341B41AAA6A8300B99B32 /* PBXContainerItemProxy */;
			sourceTree = BUILT_PRODUCTS_DIR;
		};
/* End PBXReferenceProxy section */

/* Begin PBXResourcesBuildPhase section */
		00E356EC1AD99517003FC87E /* Resources */ = {
			isa = PBXResourcesBuildPhase;
			buildActionMask = 2147483647;
			files = (
			);
			runOnlyForDeploymentPostprocessing = 0;
		};
		13B07F8E1A680F5B00A75B9A /* Resources */ = {
			isa = PBXResourcesBuildPhase;
			buildActionMask = 2147483647;
			files = (
				2D06F9A71EE6D37400DC33DD /* AlipaySDK.bundle in Resources */,
				2DFAE4B71E046743008937FD /* assets in Resources */,
				2D06F9C51EE6D39100DC33DD /* LePaySDK in Resources */,
				2D2FC8601E48A4B6004D0462 /* LECVodPlayerResource.bundle in Resources */,
				2D65C6DB1E4B001D0036E29B /* UMessage_Sdk_1.4.0 in Resources */,
				2D06F9DA1EE6D9CC00DC33DD /* JDPAuthResource.bundle in Resources */,
				2D2FC8611E48A4B6004D0462 /* LECValleyUIResource.bundle in Resources */,
				2D2FC8621E48A4B6004D0462 /* TencentOpenApi_IOS_Bundle.bundle in Resources */,
				13B07FBF1A68108700A75B9A /* Images.xcassets in Resources */,
				13B07FBD1A68108700A75B9A /* LaunchScreen.xib in Resources */,
				2D2FC8641E48A4B6004D0462 /* LECPlayerResource.bundle in Resources */,
				2D2FC8631E48A4B6004D0462 /* WeiboSDK.bundle in Resources */,
				2D65C6D71E4B001D0036E29B /* LECPlayerFoundation in Resources */,
				2D65C6D91E4B001D0036E29B /* LECVodPlayerSDK in Resources */,
				2D65C6DD1E4B001D0036E29B /* WeiboSDK in Resources */,
				2D06F9C61EE6D39100DC33DD /* letracker in Resources */,
				2D2AFC391E17C5BF00D0231B /* index.ios.jsbundle in Resources */,
				2D2FC8661E48A4B6004D0462 /* LCStreamingBundle.bundle in Resources */,
				2D65C6DC1E4B001D0036E29B /* WechatOpenSDK in Resources */,
				2D06F9D41EE6D88300DC33DD /* LepaySDK.bundle in Resources */,
				2D65C6D61E4B001D0036E29B /* LeCloudStreaming in Resources */,
				2D06F9DC1EE6D9D800DC33DD /* JDPay in Resources */,
				2D06F9D61EE6D99100DC33DD /* APOpenSdk in Resources */,
				2D65C6D41E4B001D0036E29B /* LECLivePlayerSDK in Resources */,
			);
			runOnlyForDeploymentPostprocessing = 0;
		};
/* End PBXResourcesBuildPhase section */

/* Begin PBXShellScriptBuildPhase section */
		00DD1BFF1BD5951E006B06BC /* Bundle React Native code and images */ = {
			isa = PBXShellScriptBuildPhase;
			buildActionMask = 2147483647;
			files = (
			);
			inputPaths = (
			);
			name = "Bundle React Native code and images";
			outputPaths = (
			);
			runOnlyForDeploymentPostprocessing = 0;
			shellPath = /bin/sh;
			shellScript = "export NODE_BINARY=node\n../node_modules/react-native/packager/react-native-xcode.sh";
		};
/* End PBXShellScriptBuildPhase section */

/* Begin PBXSourcesBuildPhase section */
		00E356EA1AD99517003FC87E /* Sources */ = {
			isa = PBXSourcesBuildPhase;
			buildActionMask = 2147483647;
			files = (
				00E356F31AD99517003FC87E /* LeDemoTests.m in Sources */,
			);
			runOnlyForDeploymentPostprocessing = 0;
		};
		13B07F871A680F5B00A75B9A /* Sources */ = {
			isa = PBXSourcesBuildPhase;
			buildActionMask = 2147483647;
			files = (
				2DE7FE171E16544C008F0CA1 /* AppDelegate.m in Sources */,
				13B07FC11A68108700A75B9A /* main.m in Sources */,
			);
			runOnlyForDeploymentPostprocessing = 0;
		};
/* End PBXSourcesBuildPhase section */

/* Begin PBXTargetDependency section */
		00E356F51AD99517003FC87E /* PBXTargetDependency */ = {
			isa = PBXTargetDependency;
			target = 13B07F861A680F5B00A75B9A /* LeDemo */;
			targetProxy = 00E356F41AD99517003FC87E /* PBXContainerItemProxy */;
		};
/* End PBXTargetDependency section */

/* Begin PBXVariantGroup section */
		13B07FB11A68108700A75B9A /* LaunchScreen.xib */ = {
			isa = PBXVariantGroup;
			children = (
				13B07FB21A68108700A75B9A /* Base */,
				2D33A6DA1E63669400D97E68 /* zh-Hans */,
			);
			name = LaunchScreen.xib;
			path = LeDemo;
			sourceTree = "<group>";
		};
/* End PBXVariantGroup section */

/* Begin XCBuildConfiguration section */
		00E356F61AD99517003FC87E /* Debug */ = {
			isa = XCBuildConfiguration;
			buildSettings = {
				BUNDLE_LOADER = "$(TEST_HOST)";
				"CODE_SIGN_IDENTITY[sdk=iphoneos*]" = "iPhone Developer";
				DEVELOPMENT_TEAM = ULW82G2846;
				GCC_PREPROCESSOR_DEFINITIONS = (
					"DEBUG=1",
					"$(inherited)",
				);
				INFOPLIST_FILE = LeDemoTests/Info.plist;
				IPHONEOS_DEPLOYMENT_TARGET = 8.0;
				LD_RUNPATH_SEARCH_PATHS = "$(inherited) @executable_path/Frameworks @loader_path/Frameworks";
				LIBRARY_SEARCH_PATHS = (
					"$(inherited)",
					"\"$(SRCROOT)/$(TARGET_NAME)\"",
				);
				PRODUCT_BUNDLE_IDENTIFIER = "org.reactjs.native.example.$(PRODUCT_NAME:rfc1034identifier)";
				PRODUCT_NAME = "$(TARGET_NAME)";
				TEST_HOST = "$(BUILT_PRODUCTS_DIR)/LeDemo.app/LeDemo";
			};
			name = Debug;
		};
		00E356F71AD99517003FC87E /* Release */ = {
			isa = XCBuildConfiguration;
			buildSettings = {
				BUNDLE_LOADER = "$(TEST_HOST)";
				"CODE_SIGN_IDENTITY[sdk=iphoneos*]" = "iPhone Developer";
				COPY_PHASE_STRIP = NO;
				DEVELOPMENT_TEAM = ULW82G2846;
				INFOPLIST_FILE = LeDemoTests/Info.plist;
				IPHONEOS_DEPLOYMENT_TARGET = 8.0;
				LD_RUNPATH_SEARCH_PATHS = "$(inherited) @executable_path/Frameworks @loader_path/Frameworks";
				LIBRARY_SEARCH_PATHS = (
					"$(inherited)",
					"\"$(SRCROOT)/$(TARGET_NAME)\"",
				);
				PRODUCT_BUNDLE_IDENTIFIER = "org.reactjs.native.example.$(PRODUCT_NAME:rfc1034identifier)";
				PRODUCT_NAME = "$(TARGET_NAME)";
				TEST_HOST = "$(BUILT_PRODUCTS_DIR)/LeDemo.app/LeDemo";
			};
			name = Release;
		};
		13B07F941A680F5B00A75B9A /* Debug */ = {
			isa = XCBuildConfiguration;
			buildSettings = {
				ALWAYS_EMBED_SWIFT_STANDARD_LIBRARIES = NO;
				ASSETCATALOG_COMPILER_APPICON_NAME = AppIcon;
				ASSETCATALOG_COMPILER_LAUNCHIMAGE_NAME = LaunchImage;
				CODEPUSH_KEY = "";
				CODE_SIGN_ENTITLEMENTS = LeDemo/LeDemo.entitlements;
				CODE_SIGN_IDENTITY = "iPhone Developer: Jia Rao (28CSR2E38H)";
				"CODE_SIGN_IDENTITY[sdk=iphoneos*]" = "iPhone Developer";
				CURRENT_PROJECT_VERSION = 1;
				DEAD_CODE_STRIPPING = YES;
				DEVELOPMENT_TEAM = ULW82G2846;
				ENABLE_BITCODE = NO;
				FRAMEWORK_SEARCH_PATHS = (
					"$(inherited)",
					"$(PROJECT_DIR)/framework/**",
					"$(PROJECT_DIR)/framework",
				);
				GCC_PREFIX_HEADER = "";
				HEADER_SEARCH_PATHS = (
					"$(inherited)",
					"$(SRCROOT)/../node_modules/react-native-code-push/ios/CodePush/**",
					"$(SRCROOT)/inc/**",
				);
				INFOPLIST_FILE = LeDemo/Info.plist;
				LD_RUNPATH_SEARCH_PATHS = "$(inherited) @executable_path/Frameworks";
				LIBRARY_SEARCH_PATHS = (
					"$(inherited)",
					"$(PROJECT_DIR)/Libs",
				);
				ONLY_ACTIVE_ARCH = YES;
				OTHER_LDFLAGS = "$(inherited)";
				PRODUCT_BUNDLE_IDENTIFIER = com.lecloud.valley.demo;
				PRODUCT_NAME = LeDemo;
				PROVISIONING_PROFILE = "a56d5509-d0c2-40eb-b90f-f55aee2b5e7d";
				PROVISIONING_PROFILE_SPECIFIER = LeValleyDemo;
				TEST_HOST = "";
				VALID_ARCHS = "arm64 armv7 armv7s";
				VERSIONING_SYSTEM = "apple-generic";
			};
			name = Debug;
		};
		13B07F951A680F5B00A75B9A /* Release */ = {
			isa = XCBuildConfiguration;
			buildSettings = {
				ALWAYS_EMBED_SWIFT_STANDARD_LIBRARIES = NO;
				ASSETCATALOG_COMPILER_APPICON_NAME = AppIcon;
				ASSETCATALOG_COMPILER_LAUNCHIMAGE_NAME = LaunchImage;
				CODEPUSH_KEY = 46ohT8vENqFdUhzDQwHpow7Mxq__VJilRTKJf;
				CODE_SIGN_ENTITLEMENTS = LeDemo/LeDemo.entitlements;
				CODE_SIGN_IDENTITY = "iPhone Developer: Jia Rao (28CSR2E38H)";
				"CODE_SIGN_IDENTITY[sdk=iphoneos*]" = "iPhone Developer";
				CURRENT_PROJECT_VERSION = 1;
				DEAD_CODE_STRIPPING = YES;
				DEVELOPMENT_TEAM = ULW82G2846;
				ENABLE_BITCODE = NO;
				FRAMEWORK_SEARCH_PATHS = (
					"$(inherited)",
					"$(PROJECT_DIR)/framework/**",
					"$(PROJECT_DIR)/framework",
				);
				GCC_PREFIX_HEADER = "";
				HEADER_SEARCH_PATHS = (
					"$(inherited)",
					"$(SRCROOT)/../node_modules/react-native-code-push/ios/CodePush/**",
					"$(SRCROOT)/inc/**",
				);
				INFOPLIST_FILE = LeDemo/Info.plist;
				LD_RUNPATH_SEARCH_PATHS = "$(inherited) @executable_path/Frameworks";
				LIBRARY_SEARCH_PATHS = (
					"$(inherited)",
					"$(PROJECT_DIR)/Libs",
				);
				ONLY_ACTIVE_ARCH = YES;
				OTHER_LDFLAGS = "$(inherited)";
				PRODUCT_BUNDLE_IDENTIFIER = com.lecloud.valley.demo;
				PRODUCT_NAME = LeDemo;
				PROVISIONING_PROFILE = "a56d5509-d0c2-40eb-b90f-f55aee2b5e7d";
				PROVISIONING_PROFILE_SPECIFIER = LeValleyDemo;
				TEST_HOST = "";
				VALID_ARCHS = "arm64 armv7 armv7s";
				VERSIONING_SYSTEM = "apple-generic";
			};
			name = Release;
		};
		2D54E9001E6557F9003A3DAB /* Staging */ = {
			isa = XCBuildConfiguration;
			buildSettings = {
				ALWAYS_SEARCH_USER_PATHS = NO;
				CLANG_ANALYZER_LOCALIZABILITY_NONLOCALIZED = YES;
				CLANG_CXX_LANGUAGE_STANDARD = "gnu++0x";
				CLANG_CXX_LIBRARY = "libc++";
				CLANG_ENABLE_MODULES = YES;
				CLANG_ENABLE_OBJC_ARC = YES;
				CLANG_WARN_BOOL_CONVERSION = YES;
				CLANG_WARN_CONSTANT_CONVERSION = YES;
				CLANG_WARN_DIRECT_OBJC_ISA_USAGE = YES_ERROR;
				CLANG_WARN_EMPTY_BODY = YES;
				CLANG_WARN_ENUM_CONVERSION = YES;
				CLANG_WARN_INFINITE_RECURSION = YES;
				CLANG_WARN_INT_CONVERSION = YES;
				CLANG_WARN_OBJC_ROOT_CLASS = YES_ERROR;
				CLANG_WARN_SUSPICIOUS_MOVE = YES;
				CLANG_WARN_UNREACHABLE_CODE = YES;
				CLANG_WARN__DUPLICATE_METHOD_MATCH = YES;
				CODE_SIGN_IDENTITY = "iPhone Developer: Jia Rao (28CSR2E38H)";
				"CODE_SIGN_IDENTITY[sdk=iphoneos*]" = "iPhone Developer";
				CONFIGURATION_BUILD_DIR = "$(BUILD_DIR)/Release$(EFFECTIVE_PLATFORM_NAME)";
				COPY_PHASE_STRIP = YES;
				ENABLE_NS_ASSERTIONS = NO;
				ENABLE_STRICT_OBJC_MSGSEND = YES;
				GCC_C_LANGUAGE_STANDARD = gnu99;
				GCC_NO_COMMON_BLOCKS = YES;
				GCC_PREFIX_HEADER = "";
				GCC_WARN_64_TO_32_BIT_CONVERSION = YES;
				GCC_WARN_ABOUT_RETURN_TYPE = YES_ERROR;
				GCC_WARN_UNDECLARED_SELECTOR = YES;
				GCC_WARN_UNINITIALIZED_AUTOS = YES_AGGRESSIVE;
				GCC_WARN_UNUSED_FUNCTION = YES;
				GCC_WARN_UNUSED_VARIABLE = YES;
				HEADER_SEARCH_PATHS = (
					"$(inherited)",
					"$(SRCROOT)/../node_modules/react-native-code-push/ios/CodePush/**",
					"$(SRCROOT)/LECValleyUIKit",
				);
				IPHONEOS_DEPLOYMENT_TARGET = 8.0;
				MTL_ENABLE_DEBUG_INFO = NO;
				OTHER_LDFLAGS = (
					"-ObjC",
					"-lc++",
				);
				SDKROOT = iphoneos;
				VALIDATE_PRODUCT = YES;
			};
			name = Staging;
		};
		2D54E9011E6557F9003A3DAB /* Staging */ = {
			isa = XCBuildConfiguration;
			buildSettings = {
				ALWAYS_EMBED_SWIFT_STANDARD_LIBRARIES = NO;
				ASSETCATALOG_COMPILER_APPICON_NAME = AppIcon;
				ASSETCATALOG_COMPILER_LAUNCHIMAGE_NAME = LaunchImage;
				CODEPUSH_KEY = dj6TXrqIU3WWUCoX6QVBlv1aty_QVJilRTKJf;
				CODE_SIGN_ENTITLEMENTS = LeDemo/LeDemo.entitlements;
				CODE_SIGN_IDENTITY = "iPhone Developer: Jia Rao (28CSR2E38H)";
				"CODE_SIGN_IDENTITY[sdk=iphoneos*]" = "iPhone Developer";
				CURRENT_PROJECT_VERSION = 1;
				DEAD_CODE_STRIPPING = YES;
				DEVELOPMENT_TEAM = ULW82G2846;
				ENABLE_BITCODE = NO;
				FRAMEWORK_SEARCH_PATHS = (
					"$(inherited)",
					"$(PROJECT_DIR)/framework/**",
					"$(PROJECT_DIR)/framework",
				);
				GCC_PREFIX_HEADER = "";
				HEADER_SEARCH_PATHS = (
					"$(inherited)",
					"$(SRCROOT)/../node_modules/react-native-code-push/ios/CodePush/**",
					"$(SRCROOT)/inc/**",
				);
				INFOPLIST_FILE = LeDemo/Info.plist;
				LD_RUNPATH_SEARCH_PATHS = "$(inherited) @executable_path/Frameworks";
				LIBRARY_SEARCH_PATHS = (
					"$(inherited)",
					"$(PROJECT_DIR)/Libs",
				);
				ONLY_ACTIVE_ARCH = YES;
				OTHER_LDFLAGS = "$(inherited)";
				PRODUCT_BUNDLE_IDENTIFIER = com.lecloud.valley.demo;
				PRODUCT_NAME = LeDemo;
				PROVISIONING_PROFILE = "a56d5509-d0c2-40eb-b90f-f55aee2b5e7d";
				PROVISIONING_PROFILE_SPECIFIER = LeValleyDemo;
				TEST_HOST = "";
				VALID_ARCHS = "arm64 armv7 armv7s";
				VERSIONING_SYSTEM = "apple-generic";
			};
			name = Staging;
		};
		2D54E9021E6557F9003A3DAB /* Staging */ = {
			isa = XCBuildConfiguration;
			buildSettings = {
				BUNDLE_LOADER = "$(TEST_HOST)";
				"CODE_SIGN_IDENTITY[sdk=iphoneos*]" = "iPhone Developer";
				COPY_PHASE_STRIP = NO;
				DEVELOPMENT_TEAM = ULW82G2846;
				INFOPLIST_FILE = LeDemoTests/Info.plist;
				IPHONEOS_DEPLOYMENT_TARGET = 8.0;
				LD_RUNPATH_SEARCH_PATHS = "$(inherited) @executable_path/Frameworks @loader_path/Frameworks";
				LIBRARY_SEARCH_PATHS = (
					"$(inherited)",
					"\"$(SRCROOT)/$(TARGET_NAME)\"",
				);
				PRODUCT_BUNDLE_IDENTIFIER = "org.reactjs.native.example.$(PRODUCT_NAME:rfc1034identifier)";
				PRODUCT_NAME = "$(TARGET_NAME)";
				TEST_HOST = "$(BUILT_PRODUCTS_DIR)/LeDemo.app/LeDemo";
			};
			name = Staging;
		};
		83CBBA201A601CBA00E9B192 /* Debug */ = {
			isa = XCBuildConfiguration;
			buildSettings = {
				ALWAYS_SEARCH_USER_PATHS = NO;
				CLANG_ANALYZER_LOCALIZABILITY_NONLOCALIZED = YES;
				CLANG_CXX_LANGUAGE_STANDARD = "gnu++0x";
				CLANG_CXX_LIBRARY = "libc++";
				CLANG_ENABLE_MODULES = YES;
				CLANG_ENABLE_OBJC_ARC = YES;
				CLANG_WARN_BOOL_CONVERSION = YES;
				CLANG_WARN_CONSTANT_CONVERSION = YES;
				CLANG_WARN_DIRECT_OBJC_ISA_USAGE = YES_ERROR;
				CLANG_WARN_EMPTY_BODY = YES;
				CLANG_WARN_ENUM_CONVERSION = YES;
				CLANG_WARN_INFINITE_RECURSION = YES;
				CLANG_WARN_INT_CONVERSION = YES;
				CLANG_WARN_OBJC_ROOT_CLASS = YES_ERROR;
				CLANG_WARN_SUSPICIOUS_MOVE = YES;
				CLANG_WARN_UNREACHABLE_CODE = YES;
				CLANG_WARN__DUPLICATE_METHOD_MATCH = YES;
				CODE_SIGN_IDENTITY = "iPhone Developer: Jia Rao (28CSR2E38H)";
				"CODE_SIGN_IDENTITY[sdk=iphoneos*]" = "iPhone Developer";
				COPY_PHASE_STRIP = NO;
				ENABLE_STRICT_OBJC_MSGSEND = YES;
				ENABLE_TESTABILITY = YES;
				GCC_C_LANGUAGE_STANDARD = gnu99;
				GCC_DYNAMIC_NO_PIC = NO;
				GCC_NO_COMMON_BLOCKS = YES;
				GCC_OPTIMIZATION_LEVEL = 0;
				GCC_PREFIX_HEADER = "";
				GCC_PREPROCESSOR_DEFINITIONS = (
					"DEBUG=1",
					"$(inherited)",
				);
				GCC_SYMBOLS_PRIVATE_EXTERN = NO;
				GCC_WARN_64_TO_32_BIT_CONVERSION = YES;
				GCC_WARN_ABOUT_RETURN_TYPE = YES_ERROR;
				GCC_WARN_UNDECLARED_SELECTOR = YES;
				GCC_WARN_UNINITIALIZED_AUTOS = YES_AGGRESSIVE;
				GCC_WARN_UNUSED_FUNCTION = YES;
				GCC_WARN_UNUSED_VARIABLE = YES;
				HEADER_SEARCH_PATHS = (
					"$(inherited)",
					"$(SRCROOT)/../node_modules/react-native-code-push/ios/CodePush/**",
					"$(SRCROOT)/LECValleyUIKit",
				);
				IPHONEOS_DEPLOYMENT_TARGET = 8.0;
				MTL_ENABLE_DEBUG_INFO = YES;
				ONLY_ACTIVE_ARCH = YES;
				OTHER_LDFLAGS = (
					"-ObjC",
					"-lc++",
				);
				SDKROOT = iphoneos;
			};
			name = Debug;
		};
		83CBBA211A601CBA00E9B192 /* Release */ = {
			isa = XCBuildConfiguration;
			buildSettings = {
				ALWAYS_SEARCH_USER_PATHS = NO;
				CLANG_ANALYZER_LOCALIZABILITY_NONLOCALIZED = YES;
				CLANG_CXX_LANGUAGE_STANDARD = "gnu++0x";
				CLANG_CXX_LIBRARY = "libc++";
				CLANG_ENABLE_MODULES = YES;
				CLANG_ENABLE_OBJC_ARC = YES;
				CLANG_WARN_BOOL_CONVERSION = YES;
				CLANG_WARN_CONSTANT_CONVERSION = YES;
				CLANG_WARN_DIRECT_OBJC_ISA_USAGE = YES_ERROR;
				CLANG_WARN_EMPTY_BODY = YES;
				CLANG_WARN_ENUM_CONVERSION = YES;
				CLANG_WARN_INFINITE_RECURSION = YES;
				CLANG_WARN_INT_CONVERSION = YES;
				CLANG_WARN_OBJC_ROOT_CLASS = YES_ERROR;
				CLANG_WARN_SUSPICIOUS_MOVE = YES;
				CLANG_WARN_UNREACHABLE_CODE = YES;
				CLANG_WARN__DUPLICATE_METHOD_MATCH = YES;
				CODE_SIGN_IDENTITY = "iPhone Developer: Jia Rao (28CSR2E38H)";
				"CODE_SIGN_IDENTITY[sdk=iphoneos*]" = "iPhone Developer";
				COPY_PHASE_STRIP = YES;
				ENABLE_NS_ASSERTIONS = NO;
				ENABLE_STRICT_OBJC_MSGSEND = YES;
				GCC_C_LANGUAGE_STANDARD = gnu99;
				GCC_NO_COMMON_BLOCKS = YES;
				GCC_PREFIX_HEADER = "";
				GCC_WARN_64_TO_32_BIT_CONVERSION = YES;
				GCC_WARN_ABOUT_RETURN_TYPE = YES_ERROR;
				GCC_WARN_UNDECLARED_SELECTOR = YES;
				GCC_WARN_UNINITIALIZED_AUTOS = YES_AGGRESSIVE;
				GCC_WARN_UNUSED_FUNCTION = YES;
				GCC_WARN_UNUSED_VARIABLE = YES;
				HEADER_SEARCH_PATHS = (
					"$(inherited)",
					"$(SRCROOT)/../node_modules/react-native-code-push/ios/CodePush/**",
					"$(SRCROOT)/LECValleyUIKit",
				);
				IPHONEOS_DEPLOYMENT_TARGET = 8.0;
				MTL_ENABLE_DEBUG_INFO = NO;
				OTHER_LDFLAGS = (
					"-ObjC",
					"-lc++",
				);
				SDKROOT = iphoneos;
				VALIDATE_PRODUCT = YES;
			};
			name = Release;
		};
/* End XCBuildConfiguration section */

/* Begin XCConfigurationList section */
		00E357021AD99517003FC87E /* Build configuration list for PBXNativeTarget "LeDemoTests" */ = {
			isa = XCConfigurationList;
			buildConfigurations = (
				00E356F61AD99517003FC87E /* Debug */,
				00E356F71AD99517003FC87E /* Release */,
				2D54E9021E6557F9003A3DAB /* Staging */,
			);
			defaultConfigurationIsVisible = 0;
			defaultConfigurationName = Release;
		};
		13B07F931A680F5B00A75B9A /* Build configuration list for PBXNativeTarget "LeDemo" */ = {
			isa = XCConfigurationList;
			buildConfigurations = (
				13B07F941A680F5B00A75B9A /* Debug */,
				13B07F951A680F5B00A75B9A /* Release */,
				2D54E9011E6557F9003A3DAB /* Staging */,
			);
			defaultConfigurationIsVisible = 0;
			defaultConfigurationName = Release;
		};
		83CBB9FA1A601CBA00E9B192 /* Build configuration list for PBXProject "LeDemo" */ = {
			isa = XCConfigurationList;
			buildConfigurations = (
				83CBBA201A601CBA00E9B192 /* Debug */,
				83CBBA211A601CBA00E9B192 /* Release */,
				2D54E9001E6557F9003A3DAB /* Staging */,
			);
			defaultConfigurationIsVisible = 0;
			defaultConfigurationName = Release;
		};
/* End XCConfigurationList section */
	};
	rootObject = 83CBB9F71A601CBA00E9B192 /* Project object */;
}
