// !$*UTF8*$!
{
	archiveVersion = 1;
	classes = {
	};
	objectVersion = 46;
	objects = {

/* Begin PBXBuildFile section */
		2D0C97721E06CD1100FB5279 /* BrightnessView.m in Sources */ = {isa = PBXBuildFile; fileRef = 2D0C97711E06CD1100FB5279 /* BrightnessView.m */; };
		2D0C97991E07056500FB5279 /* BrightnessModule.m in Sources */ = {isa = PBXBuildFile; fileRef = 2D0C97981E07056500FB5279 /* BrightnessModule.m */; };
		2D0E62AA1E0AFF75005A68AA /* RCTWeChatModule.m in Sources */ = {isa = PBXBuildFile; fileRef = 2D0E62A91E0AFF75005A68AA /* RCTWeChatModule.m */; };
		2D124EFE1E262EE90041DFD0 /* RCTUmengPushModule.m in Sources */ = {isa = PBXBuildFile; fileRef = 2D124EFD1E262EE90041DFD0 /* RCTUmengPushModule.m */; };
		2D2FC82E1E48380E004D0462 /* RCTLePush.m in Sources */ = {isa = PBXBuildFile; fileRef = 2D2FC82D1E48380E004D0462 /* RCTLePush.m */; };
		2D2FC8311E48382A004D0462 /* RCTLePushManager.m in Sources */ = {isa = PBXBuildFile; fileRef = 2D2FC8301E48382A004D0462 /* RCTLePushManager.m */; };
		2D65C6E01E4B116A0036E29B /* MobileLiveViewController.m in Sources */ = {isa = PBXBuildFile; fileRef = 2D65C6DF1E4B116A0036E29B /* MobileLiveViewController.m */; };
		2D65C6E31E4B11AB0036E29B /* LetvCloudLiveViewController.m in Sources */ = {isa = PBXBuildFile; fileRef = 2D65C6E21E4B11AB0036E29B /* LetvCloudLiveViewController.m */; };
		2D65C6E81E4B1FA50036E29B /* RCTLePushViewController.m in Sources */ = {isa = PBXBuildFile; fileRef = 2D65C6E71E4B1FA50036E29B /* RCTLePushViewController.m */; };
		2D8D22271E032DB1004EC569 /* RCTLinearGradient.m in Sources */ = {isa = PBXBuildFile; fileRef = 2D8D22241E032DB1004EC569 /* RCTLinearGradient.m */; };
		2D8D22281E032DB1004EC569 /* RCTLinearGradientManager.m in Sources */ = {isa = PBXBuildFile; fileRef = 2D8D22261E032DB1004EC569 /* RCTLinearGradientManager.m */; };
		2D8D22311E032DC9004EC569 /* RCTDeviceModule.m in Sources */ = {isa = PBXBuildFile; fileRef = 2D8D222A1E032DC9004EC569 /* RCTDeviceModule.m */; };
		2D8D22321E032DC9004EC569 /* KeyChainStore.m in Sources */ = {isa = PBXBuildFile; fileRef = 2D8D222C1E032DC9004EC569 /* KeyChainStore.m */; };
		2D8D22331E032DC9004EC569 /* RCTOrientationModule.m in Sources */ = {isa = PBXBuildFile; fileRef = 2D8D222E1E032DC9004EC569 /* RCTOrientationModule.m */; };
		2D8D22341E032DC9004EC569 /* VolumeModule.m in Sources */ = {isa = PBXBuildFile; fileRef = 2D8D22301E032DC9004EC569 /* VolumeModule.m */; };
		2D8D22421E032DD3004EC569 /* LCBaseViewController.m in Sources */ = {isa = PBXBuildFile; fileRef = 2D8D22361E032DD3004EC569 /* LCBaseViewController.m */; };
		2D8D22441E032DD3004EC569 /* RCTLeVideo.m in Sources */ = {isa = PBXBuildFile; fileRef = 2D8D223A1E032DD3004EC569 /* RCTLeVideo.m */; };
		2D8D22451E032DD3004EC569 /* RCTLeVideoManager.m in Sources */ = {isa = PBXBuildFile; fileRef = 2D8D223C1E032DD3004EC569 /* RCTLeVideoManager.m */; };
		2D8D22461E032DD3004EC569 /* RCTLeVideoPlayerViewController.m in Sources */ = {isa = PBXBuildFile; fileRef = 2D8D223E1E032DD3004EC569 /* RCTLeVideoPlayerViewController.m */; };
		2D8D22471E032DD3004EC569 /* UIView+FindUIViewController.m in Sources */ = {isa = PBXBuildFile; fileRef = 2D8D22411E032DD3004EC569 /* UIView+FindUIViewController.m */; };
		2DA294981E39453C0006B391 /* RCTDownloadModule.m in Sources */ = {isa = PBXBuildFile; fileRef = 2DA294971E39453C0006B391 /* RCTDownloadModule.m */; };
		2DDA3F781E3B927300BAF4AE /* RCTCacheModule.m in Sources */ = {isa = PBXBuildFile; fileRef = 2DDA3F771E3B927300BAF4AE /* RCTCacheModule.m */; };
		2DDA3FE91E3BB8A300BAF4AE /* NSData+ImageContentType.m in Sources */ = {isa = PBXBuildFile; fileRef = 2DDA3FCD1E3BB8A300BAF4AE /* NSData+ImageContentType.m */; };
		2DDA3FEA1E3BB8A300BAF4AE /* SDImageCache.m in Sources */ = {isa = PBXBuildFile; fileRef = 2DDA3FCF1E3BB8A300BAF4AE /* SDImageCache.m */; };
		2DDA3FEB1E3BB8A300BAF4AE /* SDWebImageCompat.m in Sources */ = {isa = PBXBuildFile; fileRef = 2DDA3FD11E3BB8A300BAF4AE /* SDWebImageCompat.m */; };
		2DDA3FEC1E3BB8A300BAF4AE /* SDWebImageDecoder.m in Sources */ = {isa = PBXBuildFile; fileRef = 2DDA3FD31E3BB8A300BAF4AE /* SDWebImageDecoder.m */; };
		2DDA3FED1E3BB8A300BAF4AE /* SDWebImageDownloader.m in Sources */ = {isa = PBXBuildFile; fileRef = 2DDA3FD51E3BB8A300BAF4AE /* SDWebImageDownloader.m */; };
		2DDA3FEE1E3BB8A300BAF4AE /* SDWebImageDownloaderOperation.m in Sources */ = {isa = PBXBuildFile; fileRef = 2DDA3FD71E3BB8A300BAF4AE /* SDWebImageDownloaderOperation.m */; };
		2DDA3FEF1E3BB8A300BAF4AE /* SDWebImageManager.m in Sources */ = {isa = PBXBuildFile; fileRef = 2DDA3FD91E3BB8A300BAF4AE /* SDWebImageManager.m */; };
		2DDA3FF01E3BB8A300BAF4AE /* SDWebImagePrefetcher.m in Sources */ = {isa = PBXBuildFile; fileRef = 2DDA3FDC1E3BB8A300BAF4AE /* SDWebImagePrefetcher.m */; };
		2DDA3FF11E3BB8A300BAF4AE /* UIButton+WebCache.m in Sources */ = {isa = PBXBuildFile; fileRef = 2DDA3FDE1E3BB8A300BAF4AE /* UIButton+WebCache.m */; };
		2DDA3FF21E3BB8A300BAF4AE /* UIImage+GIF.m in Sources */ = {isa = PBXBuildFile; fileRef = 2DDA3FE01E3BB8A300BAF4AE /* UIImage+GIF.m */; };
		2DDA3FF31E3BB8A300BAF4AE /* UIImage+MultiFormat.m in Sources */ = {isa = PBXBuildFile; fileRef = 2DDA3FE21E3BB8A300BAF4AE /* UIImage+MultiFormat.m */; };
		2DDA3FF41E3BB8A300BAF4AE /* UIImageView+HighlightedWebCache.m in Sources */ = {isa = PBXBuildFile; fileRef = 2DDA3FE41E3BB8A300BAF4AE /* UIImageView+HighlightedWebCache.m */; };
		2DDA3FF51E3BB8A300BAF4AE /* UIImageView+WebCache.m in Sources */ = {isa = PBXBuildFile; fileRef = 2DDA3FE61E3BB8A300BAF4AE /* UIImageView+WebCache.m */; };
		2DDA3FF61E3BB8A300BAF4AE /* UIView+WebCacheOperation.m in Sources */ = {isa = PBXBuildFile; fileRef = 2DDA3FE81E3BB8A300BAF4AE /* UIView+WebCacheOperation.m */; };
		2DDBF75A1E0674A500C9C1BF /* RCTLeSubVideo.m in Sources */ = {isa = PBXBuildFile; fileRef = 2DDBF7591E0674A500C9C1BF /* RCTLeSubVideo.m */; };
		2DDBF7611E068F3400C9C1BF /* RCTLeSubVideoManager.m in Sources */ = {isa = PBXBuildFile; fileRef = 2DDBF7601E068F3400C9C1BF /* RCTLeSubVideoManager.m */; };
		2DE3D3631E11A30000C39FB9 /* RCTWeiboModule.m in Sources */ = {isa = PBXBuildFile; fileRef = 2DE3D3621E11A30000C39FB9 /* RCTWeiboModule.m */; };
		2DFDF5BE1E0FF69D00B58523 /* RCTQQModule.m in Sources */ = {isa = PBXBuildFile; fileRef = 2DFDF5BD1E0FF69D00B58523 /* RCTQQModule.m */; };
/* End PBXBuildFile section */

/* Begin PBXCopyFilesBuildPhase section */
		2D8D21E11E0324FE004EC569 /* CopyFiles */ = {
			isa = PBXCopyFilesBuildPhase;
			buildActionMask = 2147483647;
			dstPath = "include/$(PRODUCT_NAME)";
			dstSubfolderSpec = 16;
			files = (
			);
			runOnlyForDeploymentPostprocessing = 0;
		};
/* End PBXCopyFilesBuildPhase section */

/* Begin PBXFileReference section */
		2D0C97701E06CD1100FB5279 /* BrightnessView.h */ = {isa = PBXFileReference; fileEncoding = 4; lastKnownFileType = sourcecode.c.h; path = BrightnessView.h; sourceTree = "<group>"; };
		2D0C97711E06CD1100FB5279 /* BrightnessView.m */ = {isa = PBXFileReference; fileEncoding = 4; lastKnownFileType = sourcecode.c.objc; path = BrightnessView.m; sourceTree = "<group>"; };
		2D0C978B1E06DC6200FB5279 /* LECValley.h */ = {isa = PBXFileReference; lastKnownFileType = sourcecode.c.h; path = LECValley.h; sourceTree = "<group>"; };
		2D0C97971E07056500FB5279 /* BrightnessModule.h */ = {isa = PBXFileReference; fileEncoding = 4; lastKnownFileType = sourcecode.c.h; path = BrightnessModule.h; sourceTree = "<group>"; };
		2D0C97981E07056500FB5279 /* BrightnessModule.m */ = {isa = PBXFileReference; fileEncoding = 4; lastKnownFileType = sourcecode.c.objc; path = BrightnessModule.m; sourceTree = "<group>"; };
		2D0E62A81E0AFF75005A68AA /* RCTWeChatModule.h */ = {isa = PBXFileReference; fileEncoding = 4; lastKnownFileType = sourcecode.c.h; path = RCTWeChatModule.h; sourceTree = "<group>"; };
		2D0E62A91E0AFF75005A68AA /* RCTWeChatModule.m */ = {isa = PBXFileReference; fileEncoding = 4; lastKnownFileType = sourcecode.c.objc; path = RCTWeChatModule.m; sourceTree = "<group>"; };
		2D124EFC1E262EE90041DFD0 /* RCTUmengPushModule.h */ = {isa = PBXFileReference; fileEncoding = 4; lastKnownFileType = sourcecode.c.h; path = RCTUmengPushModule.h; sourceTree = "<group>"; };
		2D124EFD1E262EE90041DFD0 /* RCTUmengPushModule.m */ = {isa = PBXFileReference; fileEncoding = 4; lastKnownFileType = sourcecode.c.objc; path = RCTUmengPushModule.m; sourceTree = "<group>"; };
		2D124F001E28EA3E0041DFD0 /* Social.h */ = {isa = PBXFileReference; lastKnownFileType = sourcecode.c.h; path = Social.h; sourceTree = "<group>"; };
		2D2FC82C1E48380E004D0462 /* RCTLePush.h */ = {isa = PBXFileReference; fileEncoding = 4; lastKnownFileType = sourcecode.c.h; path = RCTLePush.h; sourceTree = "<group>"; };
		2D2FC82D1E48380E004D0462 /* RCTLePush.m */ = {isa = PBXFileReference; fileEncoding = 4; lastKnownFileType = sourcecode.c.objc; path = RCTLePush.m; sourceTree = "<group>"; };
		2D2FC82F1E48382A004D0462 /* RCTLePushManager.h */ = {isa = PBXFileReference; fileEncoding = 4; lastKnownFileType = sourcecode.c.h; path = RCTLePushManager.h; sourceTree = "<group>"; };
		2D2FC8301E48382A004D0462 /* RCTLePushManager.m */ = {isa = PBXFileReference; fileEncoding = 4; lastKnownFileType = sourcecode.c.objc; path = RCTLePushManager.m; sourceTree = "<group>"; };
		2D65C6DE1E4B116A0036E29B /* MobileLiveViewController.h */ = {isa = PBXFileReference; fileEncoding = 4; lastKnownFileType = sourcecode.c.h; path = MobileLiveViewController.h; sourceTree = "<group>"; };
		2D65C6DF1E4B116A0036E29B /* MobileLiveViewController.m */ = {isa = PBXFileReference; fileEncoding = 4; lastKnownFileType = sourcecode.c.objc; path = MobileLiveViewController.m; sourceTree = "<group>"; };
		2D65C6E11E4B11AB0036E29B /* LetvCloudLiveViewController.h */ = {isa = PBXFileReference; fileEncoding = 4; lastKnownFileType = sourcecode.c.h; path = LetvCloudLiveViewController.h; sourceTree = "<group>"; };
		2D65C6E21E4B11AB0036E29B /* LetvCloudLiveViewController.m */ = {isa = PBXFileReference; fileEncoding = 4; lastKnownFileType = sourcecode.c.objc; path = LetvCloudLiveViewController.m; sourceTree = "<group>"; };
		2D65C6E51E4B1CAE0036E29B /* RCTLePushViewControllerDelegate.h */ = {isa = PBXFileReference; lastKnownFileType = sourcecode.c.h; path = RCTLePushViewControllerDelegate.h; sourceTree = "<group>"; };
		2D65C6E61E4B1FA50036E29B /* RCTLePushViewController.h */ = {isa = PBXFileReference; fileEncoding = 4; lastKnownFileType = sourcecode.c.h; path = RCTLePushViewController.h; sourceTree = "<group>"; };
		2D65C6E71E4B1FA50036E29B /* RCTLePushViewController.m */ = {isa = PBXFileReference; fileEncoding = 4; lastKnownFileType = sourcecode.c.objc; path = RCTLePushViewController.m; sourceTree = "<group>"; };
		2D8D219D1E032386004EC569 /* pchFile.pch */ = {isa = PBXFileReference; fileEncoding = 4; lastKnownFileType = sourcecode.c.h; path = pchFile.pch; sourceTree = "<group>"; };
		2D8D21E51E0324FE004EC569 /* libLECValleyUIKit.a */ = {isa = PBXFileReference; explicitFileType = archive.ar; includeInIndex = 0; path = libLECValleyUIKit.a; sourceTree = BUILT_PRODUCTS_DIR; };
		2D8D22231E032DB1004EC569 /* RCTLinearGradient.h */ = {isa = PBXFileReference; fileEncoding = 4; lastKnownFileType = sourcecode.c.h; path = RCTLinearGradient.h; sourceTree = "<group>"; };
		2D8D22241E032DB1004EC569 /* RCTLinearGradient.m */ = {isa = PBXFileReference; fileEncoding = 4; lastKnownFileType = sourcecode.c.objc; path = RCTLinearGradient.m; sourceTree = "<group>"; };
		2D8D22251E032DB1004EC569 /* RCTLinearGradientManager.h */ = {isa = PBXFileReference; fileEncoding = 4; lastKnownFileType = sourcecode.c.h; path = RCTLinearGradientManager.h; sourceTree = "<group>"; };
		2D8D22261E032DB1004EC569 /* RCTLinearGradientManager.m */ = {isa = PBXFileReference; fileEncoding = 4; lastKnownFileType = sourcecode.c.objc; path = RCTLinearGradientManager.m; sourceTree = "<group>"; };
		2D8D22291E032DC9004EC569 /* RCTDeviceModule.h */ = {isa = PBXFileReference; fileEncoding = 4; lastKnownFileType = sourcecode.c.h; path = RCTDeviceModule.h; sourceTree = "<group>"; };
		2D8D222A1E032DC9004EC569 /* RCTDeviceModule.m */ = {isa = PBXFileReference; fileEncoding = 4; lastKnownFileType = sourcecode.c.objc; path = RCTDeviceModule.m; sourceTree = "<group>"; };
		2D8D222B1E032DC9004EC569 /* KeyChainStore.h */ = {isa = PBXFileReference; fileEncoding = 4; lastKnownFileType = sourcecode.c.h; path = KeyChainStore.h; sourceTree = "<group>"; };
		2D8D222C1E032DC9004EC569 /* KeyChainStore.m */ = {isa = PBXFileReference; fileEncoding = 4; lastKnownFileType = sourcecode.c.objc; path = KeyChainStore.m; sourceTree = "<group>"; };
		2D8D222D1E032DC9004EC569 /* RCTOrientationModule.h */ = {isa = PBXFileReference; fileEncoding = 4; lastKnownFileType = sourcecode.c.h; path = RCTOrientationModule.h; sourceTree = "<group>"; };
		2D8D222E1E032DC9004EC569 /* RCTOrientationModule.m */ = {isa = PBXFileReference; fileEncoding = 4; lastKnownFileType = sourcecode.c.objc; path = RCTOrientationModule.m; sourceTree = "<group>"; };
		2D8D222F1E032DC9004EC569 /* VolumeModule.h */ = {isa = PBXFileReference; fileEncoding = 4; lastKnownFileType = sourcecode.c.h; path = VolumeModule.h; sourceTree = "<group>"; };
		2D8D22301E032DC9004EC569 /* VolumeModule.m */ = {isa = PBXFileReference; fileEncoding = 4; lastKnownFileType = sourcecode.c.objc; path = VolumeModule.m; sourceTree = "<group>"; };
		2D8D22351E032DD3004EC569 /* LCBaseViewController.h */ = {isa = PBXFileReference; fileEncoding = 4; lastKnownFileType = sourcecode.c.h; path = LCBaseViewController.h; sourceTree = "<group>"; };
		2D8D22361E032DD3004EC569 /* LCBaseViewController.m */ = {isa = PBXFileReference; fileEncoding = 4; lastKnownFileType = sourcecode.c.objc; path = LCBaseViewController.m; sourceTree = "<group>"; };
		2D8D22391E032DD3004EC569 /* RCTLeVideo.h */ = {isa = PBXFileReference; fileEncoding = 4; lastKnownFileType = sourcecode.c.h; path = RCTLeVideo.h; sourceTree = "<group>"; };
		2D8D223A1E032DD3004EC569 /* RCTLeVideo.m */ = {isa = PBXFileReference; fileEncoding = 4; lastKnownFileType = sourcecode.c.objc; path = RCTLeVideo.m; sourceTree = "<group>"; };
		2D8D223B1E032DD3004EC569 /* RCTLeVideoManager.h */ = {isa = PBXFileReference; fileEncoding = 4; lastKnownFileType = sourcecode.c.h; path = RCTLeVideoManager.h; sourceTree = "<group>"; };
		2D8D223C1E032DD3004EC569 /* RCTLeVideoManager.m */ = {isa = PBXFileReference; fileEncoding = 4; lastKnownFileType = sourcecode.c.objc; path = RCTLeVideoManager.m; sourceTree = "<group>"; };
		2D8D223D1E032DD3004EC569 /* RCTLeVideoPlayerViewController.h */ = {isa = PBXFileReference; fileEncoding = 4; lastKnownFileType = sourcecode.c.h; path = RCTLeVideoPlayerViewController.h; sourceTree = "<group>"; };
		2D8D223E1E032DD3004EC569 /* RCTLeVideoPlayerViewController.m */ = {isa = PBXFileReference; fileEncoding = 4; lastKnownFileType = sourcecode.c.objc; path = RCTLeVideoPlayerViewController.m; sourceTree = "<group>"; };
		2D8D223F1E032DD3004EC569 /* RCTLeVideoPlayerViewControllerDelegate.h */ = {isa = PBXFileReference; fileEncoding = 4; lastKnownFileType = sourcecode.c.h; path = RCTLeVideoPlayerViewControllerDelegate.h; sourceTree = "<group>"; };
		2D8D22401E032DD3004EC569 /* UIView+FindUIViewController.h */ = {isa = PBXFileReference; fileEncoding = 4; lastKnownFileType = sourcecode.c.h; path = "UIView+FindUIViewController.h"; sourceTree = "<group>"; };
		2D8D22411E032DD3004EC569 /* UIView+FindUIViewController.m */ = {isa = PBXFileReference; fileEncoding = 4; lastKnownFileType = sourcecode.c.objc; path = "UIView+FindUIViewController.m"; sourceTree = "<group>"; };
		2DA294961E39453C0006B391 /* RCTDownloadModule.h */ = {isa = PBXFileReference; fileEncoding = 4; lastKnownFileType = sourcecode.c.h; path = RCTDownloadModule.h; sourceTree = "<group>"; };
		2DA294971E39453C0006B391 /* RCTDownloadModule.m */ = {isa = PBXFileReference; fileEncoding = 4; lastKnownFileType = sourcecode.c.objc; path = RCTDownloadModule.m; sourceTree = "<group>"; };
		2DDA3F761E3B927300BAF4AE /* RCTCacheModule.h */ = {isa = PBXFileReference; fileEncoding = 4; lastKnownFileType = sourcecode.c.h; path = RCTCacheModule.h; sourceTree = "<group>"; };
		2DDA3F771E3B927300BAF4AE /* RCTCacheModule.m */ = {isa = PBXFileReference; fileEncoding = 4; lastKnownFileType = sourcecode.c.objc; path = RCTCacheModule.m; sourceTree = "<group>"; };
		2DDA3FCC1E3BB8A300BAF4AE /* NSData+ImageContentType.h */ = {isa = PBXFileReference; fileEncoding = 4; lastKnownFileType = sourcecode.c.h; name = "NSData+ImageContentType.h"; path = "SDWebImage/NSData+ImageContentType.h"; sourceTree = "<group>"; };
		2DDA3FCD1E3BB8A300BAF4AE /* NSData+ImageContentType.m */ = {isa = PBXFileReference; fileEncoding = 4; lastKnownFileType = sourcecode.c.objc; name = "NSData+ImageContentType.m"; path = "SDWebImage/NSData+ImageContentType.m"; sourceTree = "<group>"; };
		2DDA3FCE1E3BB8A300BAF4AE /* SDImageCache.h */ = {isa = PBXFileReference; fileEncoding = 4; lastKnownFileType = sourcecode.c.h; name = SDImageCache.h; path = SDWebImage/SDImageCache.h; sourceTree = "<group>"; };
		2DDA3FCF1E3BB8A300BAF4AE /* SDImageCache.m */ = {isa = PBXFileReference; fileEncoding = 4; lastKnownFileType = sourcecode.c.objc; name = SDImageCache.m; path = SDWebImage/SDImageCache.m; sourceTree = "<group>"; };
		2DDA3FD01E3BB8A300BAF4AE /* SDWebImageCompat.h */ = {isa = PBXFileReference; fileEncoding = 4; lastKnownFileType = sourcecode.c.h; name = SDWebImageCompat.h; path = SDWebImage/SDWebImageCompat.h; sourceTree = "<group>"; };
		2DDA3FD11E3BB8A300BAF4AE /* SDWebImageCompat.m */ = {isa = PBXFileReference; fileEncoding = 4; lastKnownFileType = sourcecode.c.objc; name = SDWebImageCompat.m; path = SDWebImage/SDWebImageCompat.m; sourceTree = "<group>"; };
		2DDA3FD21E3BB8A300BAF4AE /* SDWebImageDecoder.h */ = {isa = PBXFileReference; fileEncoding = 4; lastKnownFileType = sourcecode.c.h; name = SDWebImageDecoder.h; path = SDWebImage/SDWebImageDecoder.h; sourceTree = "<group>"; };
		2DDA3FD31E3BB8A300BAF4AE /* SDWebImageDecoder.m */ = {isa = PBXFileReference; fileEncoding = 4; lastKnownFileType = sourcecode.c.objc; name = SDWebImageDecoder.m; path = SDWebImage/SDWebImageDecoder.m; sourceTree = "<group>"; };
		2DDA3FD41E3BB8A300BAF4AE /* SDWebImageDownloader.h */ = {isa = PBXFileReference; fileEncoding = 4; lastKnownFileType = sourcecode.c.h; name = SDWebImageDownloader.h; path = SDWebImage/SDWebImageDownloader.h; sourceTree = "<group>"; };
		2DDA3FD51E3BB8A300BAF4AE /* SDWebImageDownloader.m */ = {isa = PBXFileReference; fileEncoding = 4; lastKnownFileType = sourcecode.c.objc; name = SDWebImageDownloader.m; path = SDWebImage/SDWebImageDownloader.m; sourceTree = "<group>"; };
		2DDA3FD61E3BB8A300BAF4AE /* SDWebImageDownloaderOperation.h */ = {isa = PBXFileReference; fileEncoding = 4; lastKnownFileType = sourcecode.c.h; name = SDWebImageDownloaderOperation.h; path = SDWebImage/SDWebImageDownloaderOperation.h; sourceTree = "<group>"; };
		2DDA3FD71E3BB8A300BAF4AE /* SDWebImageDownloaderOperation.m */ = {isa = PBXFileReference; fileEncoding = 4; lastKnownFileType = sourcecode.c.objc; name = SDWebImageDownloaderOperation.m; path = SDWebImage/SDWebImageDownloaderOperation.m; sourceTree = "<group>"; };
		2DDA3FD81E3BB8A300BAF4AE /* SDWebImageManager.h */ = {isa = PBXFileReference; fileEncoding = 4; lastKnownFileType = sourcecode.c.h; name = SDWebImageManager.h; path = SDWebImage/SDWebImageManager.h; sourceTree = "<group>"; };
		2DDA3FD91E3BB8A300BAF4AE /* SDWebImageManager.m */ = {isa = PBXFileReference; fileEncoding = 4; lastKnownFileType = sourcecode.c.objc; name = SDWebImageManager.m; path = SDWebImage/SDWebImageManager.m; sourceTree = "<group>"; };
		2DDA3FDA1E3BB8A300BAF4AE /* SDWebImageOperation.h */ = {isa = PBXFileReference; fileEncoding = 4; lastKnownFileType = sourcecode.c.h; name = SDWebImageOperation.h; path = SDWebImage/SDWebImageOperation.h; sourceTree = "<group>"; };
		2DDA3FDB1E3BB8A300BAF4AE /* SDWebImagePrefetcher.h */ = {isa = PBXFileReference; fileEncoding = 4; lastKnownFileType = sourcecode.c.h; name = SDWebImagePrefetcher.h; path = SDWebImage/SDWebImagePrefetcher.h; sourceTree = "<group>"; };
		2DDA3FDC1E3BB8A300BAF4AE /* SDWebImagePrefetcher.m */ = {isa = PBXFileReference; fileEncoding = 4; lastKnownFileType = sourcecode.c.objc; name = SDWebImagePrefetcher.m; path = SDWebImage/SDWebImagePrefetcher.m; sourceTree = "<group>"; };
		2DDA3FDD1E3BB8A300BAF4AE /* UIButton+WebCache.h */ = {isa = PBXFileReference; fileEncoding = 4; lastKnownFileType = sourcecode.c.h; name = "UIButton+WebCache.h"; path = "SDWebImage/UIButton+WebCache.h"; sourceTree = "<group>"; };
		2DDA3FDE1E3BB8A300BAF4AE /* UIButton+WebCache.m */ = {isa = PBXFileReference; fileEncoding = 4; lastKnownFileType = sourcecode.c.objc; name = "UIButton+WebCache.m"; path = "SDWebImage/UIButton+WebCache.m"; sourceTree = "<group>"; };
		2DDA3FDF1E3BB8A300BAF4AE /* UIImage+GIF.h */ = {isa = PBXFileReference; fileEncoding = 4; lastKnownFileType = sourcecode.c.h; name = "UIImage+GIF.h"; path = "SDWebImage/UIImage+GIF.h"; sourceTree = "<group>"; };
		2DDA3FE01E3BB8A300BAF4AE /* UIImage+GIF.m */ = {isa = PBXFileReference; fileEncoding = 4; lastKnownFileType = sourcecode.c.objc; name = "UIImage+GIF.m"; path = "SDWebImage/UIImage+GIF.m"; sourceTree = "<group>"; };
		2DDA3FE11E3BB8A300BAF4AE /* UIImage+MultiFormat.h */ = {isa = PBXFileReference; fileEncoding = 4; lastKnownFileType = sourcecode.c.h; name = "UIImage+MultiFormat.h"; path = "SDWebImage/UIImage+MultiFormat.h"; sourceTree = "<group>"; };
		2DDA3FE21E3BB8A300BAF4AE /* UIImage+MultiFormat.m */ = {isa = PBXFileReference; fileEncoding = 4; lastKnownFileType = sourcecode.c.objc; name = "UIImage+MultiFormat.m"; path = "SDWebImage/UIImage+MultiFormat.m"; sourceTree = "<group>"; };
		2DDA3FE31E3BB8A300BAF4AE /* UIImageView+HighlightedWebCache.h */ = {isa = PBXFileReference; fileEncoding = 4; lastKnownFileType = sourcecode.c.h; name = "UIImageView+HighlightedWebCache.h"; path = "SDWebImage/UIImageView+HighlightedWebCache.h"; sourceTree = "<group>"; };
		2DDA3FE41E3BB8A300BAF4AE /* UIImageView+HighlightedWebCache.m */ = {isa = PBXFileReference; fileEncoding = 4; lastKnownFileType = sourcecode.c.objc; name = "UIImageView+HighlightedWebCache.m"; path = "SDWebImage/UIImageView+HighlightedWebCache.m"; sourceTree = "<group>"; };
		2DDA3FE51E3BB8A300BAF4AE /* UIImageView+WebCache.h */ = {isa = PBXFileReference; fileEncoding = 4; lastKnownFileType = sourcecode.c.h; name = "UIImageView+WebCache.h"; path = "SDWebImage/UIImageView+WebCache.h"; sourceTree = "<group>"; };
		2DDA3FE61E3BB8A300BAF4AE /* UIImageView+WebCache.m */ = {isa = PBXFileReference; fileEncoding = 4; lastKnownFileType = sourcecode.c.objc; name = "UIImageView+WebCache.m"; path = "SDWebImage/UIImageView+WebCache.m"; sourceTree = "<group>"; };
		2DDA3FE71E3BB8A300BAF4AE /* UIView+WebCacheOperation.h */ = {isa = PBXFileReference; fileEncoding = 4; lastKnownFileType = sourcecode.c.h; name = "UIView+WebCacheOperation.h"; path = "SDWebImage/UIView+WebCacheOperation.h"; sourceTree = "<group>"; };
		2DDA3FE81E3BB8A300BAF4AE /* UIView+WebCacheOperation.m */ = {isa = PBXFileReference; fileEncoding = 4; lastKnownFileType = sourcecode.c.objc; name = "UIView+WebCacheOperation.m"; path = "SDWebImage/UIView+WebCacheOperation.m"; sourceTree = "<group>"; };
		2DDBF7581E0674A500C9C1BF /* RCTLeSubVideo.h */ = {isa = PBXFileReference; fileEncoding = 4; lastKnownFileType = sourcecode.c.h; path = RCTLeSubVideo.h; sourceTree = "<group>"; };
		2DDBF7591E0674A500C9C1BF /* RCTLeSubVideo.m */ = {isa = PBXFileReference; fileEncoding = 4; lastKnownFileType = sourcecode.c.objc; path = RCTLeSubVideo.m; sourceTree = "<group>"; };
		2DDBF75F1E068F3400C9C1BF /* RCTLeSubVideoManager.h */ = {isa = PBXFileReference; fileEncoding = 4; lastKnownFileType = sourcecode.c.h; path = RCTLeSubVideoManager.h; sourceTree = "<group>"; };
		2DDBF7601E068F3400C9C1BF /* RCTLeSubVideoManager.m */ = {isa = PBXFileReference; fileEncoding = 4; lastKnownFileType = sourcecode.c.objc; path = RCTLeSubVideoManager.m; sourceTree = "<group>"; };
		2DE3D3611E11A30000C39FB9 /* RCTWeiboModule.h */ = {isa = PBXFileReference; fileEncoding = 4; lastKnownFileType = sourcecode.c.h; path = RCTWeiboModule.h; sourceTree = "<group>"; };
		2DE3D3621E11A30000C39FB9 /* RCTWeiboModule.m */ = {isa = PBXFileReference; fileEncoding = 4; lastKnownFileType = sourcecode.c.objc; path = RCTWeiboModule.m; sourceTree = "<group>"; };
		2DFDF5BC1E0FF69D00B58523 /* RCTQQModule.h */ = {isa = PBXFileReference; fileEncoding = 4; lastKnownFileType = sourcecode.c.h; path = RCTQQModule.h; sourceTree = "<group>"; };
		2DFDF5BD1E0FF69D00B58523 /* RCTQQModule.m */ = {isa = PBXFileReference; fileEncoding = 4; lastKnownFileType = sourcecode.c.objc; path = RCTQQModule.m; sourceTree = "<group>"; };
/* End PBXFileReference section */

/* Begin PBXFrameworksBuildPhase section */
		2D8D21E01E0324FE004EC569 /* Frameworks */ = {
			isa = PBXFrameworksBuildPhase;
			buildActionMask = 2147483647;
			files = (
			);
			runOnlyForDeploymentPostprocessing = 0;
		};
/* End PBXFrameworksBuildPhase section */

/* Begin PBXGroup section */
		134814211AA4EA7D00B7C361 /* Products */ = {
			isa = PBXGroup;
			children = (
			);
			name = Products;
			sourceTree = "<group>";
		};
		2D2FC82B1E4837CB004D0462 /* RCTLePush */ = {
			isa = PBXGroup;
			children = (
				2D2FC82C1E48380E004D0462 /* RCTLePush.h */,
				2D2FC82D1E48380E004D0462 /* RCTLePush.m */,
				2D65C6E61E4B1FA50036E29B /* RCTLePushViewController.h */,
				2D65C6E71E4B1FA50036E29B /* RCTLePushViewController.m */,
				2D65C6E51E4B1CAE0036E29B /* RCTLePushViewControllerDelegate.h */,
				2D2FC82F1E48382A004D0462 /* RCTLePushManager.h */,
				2D2FC8301E48382A004D0462 /* RCTLePushManager.m */,
				2D65C6DE1E4B116A0036E29B /* MobileLiveViewController.h */,
				2D65C6DF1E4B116A0036E29B /* MobileLiveViewController.m */,
				2D65C6E11E4B11AB0036E29B /* LetvCloudLiveViewController.h */,
				2D65C6E21E4B11AB0036E29B /* LetvCloudLiveViewController.m */,
			);
			name = RCTLePush;
			sourceTree = "<group>";
		};
		2D8D21991E032331004EC569 /* pch */ = {
			isa = PBXGroup;
			children = (
				2D8D219D1E032386004EC569 /* pchFile.pch */,
			);
			name = pch;
			sourceTree = "<group>";
		};
		2D8D219A1E032338004EC569 /* RCTLeVideo */ = {
			isa = PBXGroup;
			children = (
				2D8D22351E032DD3004EC569 /* LCBaseViewController.h */,
				2D8D22361E032DD3004EC569 /* LCBaseViewController.m */,
				2D8D22391E032DD3004EC569 /* RCTLeVideo.h */,
				2D8D223A1E032DD3004EC569 /* RCTLeVideo.m */,
				2D8D223D1E032DD3004EC569 /* RCTLeVideoPlayerViewController.h */,
				2D8D223E1E032DD3004EC569 /* RCTLeVideoPlayerViewController.m */,
				2D8D223F1E032DD3004EC569 /* RCTLeVideoPlayerViewControllerDelegate.h */,
				2D8D22401E032DD3004EC569 /* UIView+FindUIViewController.h */,
				2D8D22411E032DD3004EC569 /* UIView+FindUIViewController.m */,
				2D8D223B1E032DD3004EC569 /* RCTLeVideoManager.h */,
				2D8D223C1E032DD3004EC569 /* RCTLeVideoManager.m */,
				2DDBF7581E0674A500C9C1BF /* RCTLeSubVideo.h */,
				2DDBF7591E0674A500C9C1BF /* RCTLeSubVideo.m */,
				2DDBF75F1E068F3400C9C1BF /* RCTLeSubVideoManager.h */,
				2DDBF7601E068F3400C9C1BF /* RCTLeSubVideoManager.m */,
			);
			name = RCTLeVideo;
			sourceTree = "<group>";
		};
		2D8D219B1E032341004EC569 /* Modules */ = {
			isa = PBXGroup;
			children = (
				2D8D22291E032DC9004EC569 /* RCTDeviceModule.h */,
				2D8D222A1E032DC9004EC569 /* RCTDeviceModule.m */,
				2D8D222B1E032DC9004EC569 /* KeyChainStore.h */,
				2D8D222C1E032DC9004EC569 /* KeyChainStore.m */,
				2D8D222D1E032DC9004EC569 /* RCTOrientationModule.h */,
				2D8D222E1E032DC9004EC569 /* RCTOrientationModule.m */,
				2D8D222F1E032DC9004EC569 /* VolumeModule.h */,
				2D8D22301E032DC9004EC569 /* VolumeModule.m */,
				2D0C97971E07056500FB5279 /* BrightnessModule.h */,
				2D0C97981E07056500FB5279 /* BrightnessModule.m */,
				2D0C97701E06CD1100FB5279 /* BrightnessView.h */,
				2D0C97711E06CD1100FB5279 /* BrightnessView.m */,
				2D124F001E28EA3E0041DFD0 /* Social.h */,
				2DE3D3611E11A30000C39FB9 /* RCTWeiboModule.h */,
				2DE3D3621E11A30000C39FB9 /* RCTWeiboModule.m */,
				2D0E62A81E0AFF75005A68AA /* RCTWeChatModule.h */,
				2D0E62A91E0AFF75005A68AA /* RCTWeChatModule.m */,
				2DFDF5BC1E0FF69D00B58523 /* RCTQQModule.h */,
				2DFDF5BD1E0FF69D00B58523 /* RCTQQModule.m */,
				2D124EFC1E262EE90041DFD0 /* RCTUmengPushModule.h */,
				2D124EFD1E262EE90041DFD0 /* RCTUmengPushModule.m */,
				2DA294961E39453C0006B391 /* RCTDownloadModule.h */,
				2DA294971E39453C0006B391 /* RCTDownloadModule.m */,
				2DDA3F761E3B927300BAF4AE /* RCTCacheModule.h */,
				2DDA3F771E3B927300BAF4AE /* RCTCacheModule.m */,
			);
			name = Modules;
			sourceTree = "<group>";
		};
		2D8D219C1E03234C004EC569 /* Views */ = {
			isa = PBXGroup;
			children = (
				2D8D22231E032DB1004EC569 /* RCTLinearGradient.h */,
				2D8D22241E032DB1004EC569 /* RCTLinearGradient.m */,
				2D8D22251E032DB1004EC569 /* RCTLinearGradientManager.h */,
				2D8D22261E032DB1004EC569 /* RCTLinearGradientManager.m */,
			);
			name = Views;
			sourceTree = "<group>";
		};
		2DDA3FCB1E3BB88600BAF4AE /* SDWebImage */ = {
			isa = PBXGroup;
			children = (
				2DDA3FCC1E3BB8A300BAF4AE /* NSData+ImageContentType.h */,
				2DDA3FCD1E3BB8A300BAF4AE /* NSData+ImageContentType.m */,
				2DDA3FCE1E3BB8A300BAF4AE /* SDImageCache.h */,
				2DDA3FCF1E3BB8A300BAF4AE /* SDImageCache.m */,
				2DDA3FD01E3BB8A300BAF4AE /* SDWebImageCompat.h */,
				2DDA3FD11E3BB8A300BAF4AE /* SDWebImageCompat.m */,
				2DDA3FD21E3BB8A300BAF4AE /* SDWebImageDecoder.h */,
				2DDA3FD31E3BB8A300BAF4AE /* SDWebImageDecoder.m */,
				2DDA3FD41E3BB8A300BAF4AE /* SDWebImageDownloader.h */,
				2DDA3FD51E3BB8A300BAF4AE /* SDWebImageDownloader.m */,
				2DDA3FD61E3BB8A300BAF4AE /* SDWebImageDownloaderOperation.h */,
				2DDA3FD71E3BB8A300BAF4AE /* SDWebImageDownloaderOperation.m */,
				2DDA3FD81E3BB8A300BAF4AE /* SDWebImageManager.h */,
				2DDA3FD91E3BB8A300BAF4AE /* SDWebImageManager.m */,
				2DDA3FDA1E3BB8A300BAF4AE /* SDWebImageOperation.h */,
				2DDA3FDB1E3BB8A300BAF4AE /* SDWebImagePrefetcher.h */,
				2DDA3FDC1E3BB8A300BAF4AE /* SDWebImagePrefetcher.m */,
				2DDA3FDD1E3BB8A300BAF4AE /* UIButton+WebCache.h */,
				2DDA3FDE1E3BB8A300BAF4AE /* UIButton+WebCache.m */,
				2DDA3FDF1E3BB8A300BAF4AE /* UIImage+GIF.h */,
				2DDA3FE01E3BB8A300BAF4AE /* UIImage+GIF.m */,
				2DDA3FE11E3BB8A300BAF4AE /* UIImage+MultiFormat.h */,
				2DDA3FE21E3BB8A300BAF4AE /* UIImage+MultiFormat.m */,
				2DDA3FE31E3BB8A300BAF4AE /* UIImageView+HighlightedWebCache.h */,
				2DDA3FE41E3BB8A300BAF4AE /* UIImageView+HighlightedWebCache.m */,
				2DDA3FE51E3BB8A300BAF4AE /* UIImageView+WebCache.h */,
				2DDA3FE61E3BB8A300BAF4AE /* UIImageView+WebCache.m */,
				2DDA3FE71E3BB8A300BAF4AE /* UIView+WebCacheOperation.h */,
				2DDA3FE81E3BB8A300BAF4AE /* UIView+WebCacheOperation.m */,
			);
			name = SDWebImage;
			sourceTree = "<group>";
		};
		58B511D21A9E6C8500147676 = {
			isa = PBXGroup;
			children = (
				2D0C978B1E06DC6200FB5279 /* LECValley.h */,
				2D8D21991E032331004EC569 /* pch */,
				2D8D219A1E032338004EC569 /* RCTLeVideo */,
				2D2FC82B1E4837CB004D0462 /* RCTLePush */,
				2D8D219B1E032341004EC569 /* Modules */,
				2D8D219C1E03234C004EC569 /* Views */,
				2DDA3FCB1E3BB88600BAF4AE /* SDWebImage */,
				134814211AA4EA7D00B7C361 /* Products */,
				2D8D21E51E0324FE004EC569 /* libLECValleyUIKit.a */,
			);
			sourceTree = "<group>";
		};
/* End PBXGroup section */

/* Begin PBXNativeTarget section */
		2D8D21D11E0324FE004EC569 /* LECValleyUIKit */ = {
			isa = PBXNativeTarget;
			buildConfigurationList = 2D8D21E21E0324FE004EC569 /* Build configuration list for PBXNativeTarget "LECValleyUIKit" */;
			buildPhases = (
				2D8D21D21E0324FE004EC569 /* Sources */,
				2D8D21E01E0324FE004EC569 /* Frameworks */,
				2D8D21E11E0324FE004EC569 /* CopyFiles */,
			);
			buildRules = (
			);
			dependencies = (
			);
			name = LECValleyUIKit;
			productName = RCTDataManager;
			productReference = 2D8D21E51E0324FE004EC569 /* libLECValleyUIKit.a */;
			productType = "com.apple.product-type.library.static";
		};
/* End PBXNativeTarget section */

/* Begin PBXProject section */
		58B511D31A9E6C8500147676 /* Project object */ = {
			isa = PBXProject;
			attributes = {
				LastUpgradeCheck = 0720;
				ORGANIZATIONNAME = Facebook;
			};
			buildConfigurationList = 58B511D61A9E6C8500147676 /* Build configuration list for PBXProject "LECValleyUIKit" */;
			compatibilityVersion = "Xcode 3.2";
			developmentRegion = English;
			hasScannedForEncodings = 0;
			knownRegions = (
				en,
			);
			mainGroup = 58B511D21A9E6C8500147676;
			productRefGroup = 58B511D21A9E6C8500147676;
			projectDirPath = "";
			projectRoot = "";
			targets = (
				2D8D21D11E0324FE004EC569 /* LECValleyUIKit */,
			);
		};
/* End PBXProject section */

/* Begin PBXSourcesBuildPhase section */
		2D8D21D21E0324FE004EC569 /* Sources */ = {
			isa = PBXSourcesBuildPhase;
			buildActionMask = 2147483647;
			files = (
				2D8D22451E032DD3004EC569 /* RCTLeVideoManager.m in Sources */,
				2DDA3FEF1E3BB8A300BAF4AE /* SDWebImageManager.m in Sources */,
				2DDA3FEB1E3BB8A300BAF4AE /* SDWebImageCompat.m in Sources */,
				2DDA3FF01E3BB8A300BAF4AE /* SDWebImagePrefetcher.m in Sources */,
				2D65C6E01E4B116A0036E29B /* MobileLiveViewController.m in Sources */,
				2DDA3FF51E3BB8A300BAF4AE /* UIImageView+WebCache.m in Sources */,
				2D0C97721E06CD1100FB5279 /* BrightnessView.m in Sources */,
				2DDA3FEA1E3BB8A300BAF4AE /* SDImageCache.m in Sources */,
				2DDA3FF41E3BB8A300BAF4AE /* UIImageView+HighlightedWebCache.m in Sources */,
				2D8D22311E032DC9004EC569 /* RCTDeviceModule.m in Sources */,
				2DDA3FF11E3BB8A300BAF4AE /* UIButton+WebCache.m in Sources */,
				2D2FC8311E48382A004D0462 /* RCTLePushManager.m in Sources */,
				2D8D22341E032DC9004EC569 /* VolumeModule.m in Sources */,
				2D8D22461E032DD3004EC569 /* RCTLeVideoPlayerViewController.m in Sources */,
				2D8D22281E032DB1004EC569 /* RCTLinearGradientManager.m in Sources */,
				2D8D22471E032DD3004EC569 /* UIView+FindUIViewController.m in Sources */,
				2D0E62AA1E0AFF75005A68AA /* RCTWeChatModule.m in Sources */,
				2DDA3FF21E3BB8A300BAF4AE /* UIImage+GIF.m in Sources */,
				2D8D22271E032DB1004EC569 /* RCTLinearGradient.m in Sources */,
				2DDA3FF61E3BB8A300BAF4AE /* UIView+WebCacheOperation.m in Sources */,
				2DA294981E39453C0006B391 /* RCTDownloadModule.m in Sources */,
				2DDA3FF31E3BB8A300BAF4AE /* UIImage+MultiFormat.m in Sources */,
				2D2FC82E1E48380E004D0462 /* RCTLePush.m in Sources */,
				2DDA3FEC1E3BB8A300BAF4AE /* SDWebImageDecoder.m in Sources */,
				2DDA3FE91E3BB8A300BAF4AE /* NSData+ImageContentType.m in Sources */,
				2DDBF75A1E0674A500C9C1BF /* RCTLeSubVideo.m in Sources */,
				2DDA3FEE1E3BB8A300BAF4AE /* SDWebImageDownloaderOperation.m in Sources */,
				2DFDF5BE1E0FF69D00B58523 /* RCTQQModule.m in Sources */,
				2D65C6E31E4B11AB0036E29B /* LetvCloudLiveViewController.m in Sources */,
				2D65C6E81E4B1FA50036E29B /* RCTLePushViewController.m in Sources */,
				2D124EFE1E262EE90041DFD0 /* RCTUmengPushModule.m in Sources */,
				2D8D22441E032DD3004EC569 /* RCTLeVideo.m in Sources */,
				2DE3D3631E11A30000C39FB9 /* RCTWeiboModule.m in Sources */,
				2D8D22421E032DD3004EC569 /* LCBaseViewController.m in Sources */,
				2DDA3FED1E3BB8A300BAF4AE /* SDWebImageDownloader.m in Sources */,
				2DDA3F781E3B927300BAF4AE /* RCTCacheModule.m in Sources */,
				2D0C97991E07056500FB5279 /* BrightnessModule.m in Sources */,
				2D8D22321E032DC9004EC569 /* KeyChainStore.m in Sources */,
				2D8D22331E032DC9004EC569 /* RCTOrientationModule.m in Sources */,
				2DDBF7611E068F3400C9C1BF /* RCTLeSubVideoManager.m in Sources */,
			);
			runOnlyForDeploymentPostprocessing = 0;
		};
/* End PBXSourcesBuildPhase section */

/* Begin XCBuildConfiguration section */
		2D8D21E31E0324FE004EC569 /* Debug */ = {
			isa = XCBuildConfiguration;
			buildSettings = {
				FRAMEWORK_SEARCH_PATHS = "$(PROJECT_DIR)/../framework/**";
				GCC_PRECOMPILE_PREFIX_HEADER = NO;
				GCC_PREFIX_HEADER = "$(SRCROOT)/pchFile.pch";
				HEADER_SEARCH_PATHS = (
					"$(inherited)",
					"$(SRCROOT)/../inc/**",
				);
				LIBRARY_SEARCH_PATHS = "$(inherited)";
				OTHER_CFLAGS = "";
				OTHER_LDFLAGS = "-ObjC";
				PRODUCT_NAME = "$(TARGET_NAME)";
				SKIP_INSTALL = YES;
				USER_HEADER_SEARCH_PATHS = "";
			};
			name = Debug;
		};
		2D8D21E41E0324FE004EC569 /* Release */ = {
			isa = XCBuildConfiguration;
			buildSettings = {
				FRAMEWORK_SEARCH_PATHS = "$(PROJECT_DIR)/../framework/**";
				GCC_PRECOMPILE_PREFIX_HEADER = NO;
				GCC_PREFIX_HEADER = "$(SRCROOT)/pchFile.pch";
				HEADER_SEARCH_PATHS = (
					"$(inherited)",
					"$(SRCROOT)/../inc/**",
				);
				LIBRARY_SEARCH_PATHS = "$(inherited)";
				OTHER_CFLAGS = "";
				OTHER_LDFLAGS = "-ObjC";
				PRODUCT_NAME = "$(TARGET_NAME)";
				SKIP_INSTALL = YES;
				USER_HEADER_SEARCH_PATHS = "";
			};
			name = Release;
		};
		58B511ED1A9E6C8500147676 /* Debug */ = {
			isa = XCBuildConfiguration;
			buildSettings = {
				ALWAYS_SEARCH_USER_PATHS = NO;
				CLANG_CXX_LANGUAGE_STANDARD = "gnu++0x";
				CLANG_CXX_LIBRARY = "libc++";
				CLANG_ENABLE_MODULES = YES;
				CLANG_ENABLE_OBJC_ARC = YES;
				CLANG_WARN_BOOL_CONVERSION = YES;
				CLANG_WARN_CONSTANT_CONVERSION = YES;
				CLANG_WARN_DIRECT_OBJC_ISA_USAGE = YES_ERROR;
				CLANG_WARN_EMPTY_BODY = YES;
				CLANG_WARN_ENUM_CONVERSION = YES;
				CLANG_WARN_INT_CONVERSION = YES;
				CLANG_WARN_OBJC_ROOT_CLASS = YES_ERROR;
				CLANG_WARN_UNREACHABLE_CODE = YES;
				CLANG_WARN__DUPLICATE_METHOD_MATCH = YES;
				COPY_PHASE_STRIP = NO;
				ENABLE_STRICT_OBJC_MSGSEND = YES;
				ENABLE_TESTABILITY = YES;
				GCC_C_LANGUAGE_STANDARD = gnu99;
				GCC_DYNAMIC_NO_PIC = NO;
				GCC_OPTIMIZATION_LEVEL = 0;
				GCC_PREPROCESSOR_DEFINITIONS = (
					"DEBUG=1",
					"$(inherited)",
				);
				GCC_SYMBOLS_PRIVATE_EXTERN = NO;
				GCC_WARN_64_TO_32_BIT_CONVERSION = YES;
				GCC_WARN_ABOUT_RETURN_TYPE = YES_ERROR;
				GCC_WARN_UNDECLARED_SELECTOR = YES;
				GCC_WARN_UNINITIALIZED_AUTOS = YES_AGGRESSIVE;
				GCC_WARN_UNUSED_FUNCTION = YES;
				GCC_WARN_UNUSED_VARIABLE = YES;
				IPHONEOS_DEPLOYMENT_TARGET = 8.0;
				MTL_ENABLE_DEBUG_INFO = YES;
				ONLY_ACTIVE_ARCH = YES;
				SDKROOT = iphoneos;
			};
			name = Debug;
		};
		58B511EE1A9E6C8500147676 /* Release */ = {
			isa = XCBuildConfiguration;
			buildSettings = {
				ALWAYS_SEARCH_USER_PATHS = NO;
				CLANG_CXX_LANGUAGE_STANDARD = "gnu++0x";
				CLANG_CXX_LIBRARY = "libc++";
				CLANG_ENABLE_MODULES = YES;
				CLANG_ENABLE_OBJC_ARC = YES;
				CLANG_WARN_BOOL_CONVERSION = YES;
				CLANG_WARN_CONSTANT_CONVERSION = YES;
				CLANG_WARN_DIRECT_OBJC_ISA_USAGE = YES_ERROR;
				CLANG_WARN_EMPTY_BODY = YES;
				CLANG_WARN_ENUM_CONVERSION = YES;
				CLANG_WARN_INT_CONVERSION = YES;
				CLANG_WARN_OBJC_ROOT_CLASS = YES_ERROR;
				CLANG_WARN_UNREACHABLE_CODE = YES;
				CLANG_WARN__DUPLICATE_METHOD_MATCH = YES;
				COPY_PHASE_STRIP = YES;
				ENABLE_NS_ASSERTIONS = NO;
				ENABLE_STRICT_OBJC_MSGSEND = YES;
				GCC_C_LANGUAGE_STANDARD = gnu99;
				GCC_WARN_64_TO_32_BIT_CONVERSION = YES;
				GCC_WARN_ABOUT_RETURN_TYPE = YES_ERROR;
				GCC_WARN_UNDECLARED_SELECTOR = YES;
				GCC_WARN_UNINITIALIZED_AUTOS = YES_AGGRESSIVE;
				GCC_WARN_UNUSED_FUNCTION = YES;
				GCC_WARN_UNUSED_VARIABLE = YES;
				IPHONEOS_DEPLOYMENT_TARGET = 8.0;
				MTL_ENABLE_DEBUG_INFO = NO;
				SDKROOT = iphoneos;
				VALIDATE_PRODUCT = YES;
			};
			name = Release;
		};
/* End XCBuildConfiguration section */

/* Begin XCConfigurationList section */
		2D8D21E21E0324FE004EC569 /* Build configuration list for PBXNativeTarget "LECValleyUIKit" */ = {
			isa = XCConfigurationList;
			buildConfigurations = (
				2D8D21E31E0324FE004EC569 /* Debug */,
				2D8D21E41E0324FE004EC569 /* Release */,
			);
			defaultConfigurationIsVisible = 0;
			defaultConfigurationName = Release;
		};
		58B511D61A9E6C8500147676 /* Build configuration list for PBXProject "LECValleyUIKit" */ = {
			isa = XCConfigurationList;
			buildConfigurations = (
				58B511ED1A9E6C8500147676 /* Debug */,
				58B511EE1A9E6C8500147676 /* Release */,
			);
			defaultConfigurationIsVisible = 0;
			defaultConfigurationName = Release;
		};
/* End XCConfigurationList section */
	};
	rootObject = 58B511D31A9E6C8500147676 /* Project object */;
}
